{
  "version": 4,
  "terraform_version": "1.5.3",
  "serial": 223,
  "lineage": "3d8aa792-c149-4a40-aeef-3c1f303525af",
  "outputs": {},
  "resources": [
    {
      "mode": "managed",
      "type": "google_compute_address",
      "name": "nat",
      "provider": "provider[\"registry.terraform.io/hashicorp/google\"]",
      "instances": [
        {
          "schema_version": 0,
          "attributes": {
            "address": "34.143.214.231",
            "address_type": "EXTERNAL",
            "creation_timestamp": "2023-07-05T02:23:43.817-07:00",
            "description": "",
            "id": "projects/iot-platform-333007/regions/asia-southeast1/addresses/nat-demo",
            "name": "nat-demo",
            "network": "",
            "network_tier": "PREMIUM",
            "prefix_length": 0,
            "project": "iot-platform-333007",
            "purpose": "",
            "region": "asia-southeast1",
            "self_link": "https://www.googleapis.com/compute/v1/projects/iot-platform-333007/regions/asia-southeast1/addresses/nat-demo",
            "subnetwork": "",
            "timeouts": null,
            "users": [
              "https://www.googleapis.com/compute/v1/projects/iot-platform-333007/regions/asia-southeast1/routers/router"
            ]
          },
          "sensitive_attributes": [],
          "private": "eyJlMmJmYjczMC1lY2FhLTExZTYtOGY4OC0zNDM2M2JjN2M0YzAiOnsiY3JlYXRlIjoxMjAwMDAwMDAwMDAwLCJkZWxldGUiOjEyMDAwMDAwMDAwMDB9fQ==",
          "dependencies": [
            "google_project_service.compute"
          ]
        }
      ]
    },
    {
      "mode": "managed",
      "type": "google_compute_firewall",
      "name": "allow_ssh",
      "provider": "provider[\"registry.terraform.io/hashicorp/google\"]",
      "instances": [
        {
          "schema_version": 1,
          "attributes": {
            "allow": [
              {
                "ports": [
                  "22"
                ],
                "protocol": "tcp"
              }
            ],
            "creation_timestamp": "2023-07-04T22:54:23.422-07:00",
            "deny": [],
            "description": "",
            "destination_ranges": [],
            "direction": "INGRESS",
            "disabled": false,
            "enable_logging": null,
            "id": "projects/iot-platform-333007/global/firewalls/allow-ssh",
            "log_config": [],
            "name": "allow-ssh",
            "network": "https://www.googleapis.com/compute/v1/projects/iot-platform-333007/global/networks/vpc-network-quangbs",
            "priority": 1000,
            "project": "iot-platform-333007",
            "self_link": "https://www.googleapis.com/compute/v1/projects/iot-platform-333007/global/firewalls/allow-ssh",
            "source_ranges": [
              "0.0.0.0/0"
            ],
            "source_service_accounts": [],
            "source_tags": [],
            "target_service_accounts": [],
            "target_tags": [],
            "timeouts": null
          },
          "sensitive_attributes": [],
          "private": "eyJlMmJmYjczMC1lY2FhLTExZTYtOGY4OC0zNDM2M2JjN2M0YzAiOnsiY3JlYXRlIjoxMjAwMDAwMDAwMDAwLCJkZWxldGUiOjEyMDAwMDAwMDAwMDAsInVwZGF0ZSI6MTIwMDAwMDAwMDAwMH0sInNjaGVtYV92ZXJzaW9uIjoiMSJ9",
          "dependencies": [
            "google_compute_network.vpc_network"
          ]
        }
      ]
    },
    {
      "mode": "managed",
      "type": "google_compute_firewall",
      "name": "default",
      "provider": "provider[\"registry.terraform.io/hashicorp/google\"]",
      "instances": [
        {
          "schema_version": 1,
          "attributes": {
            "allow": [
              {
                "ports": [
                  "80",
                  "8080",
                  "1000-2000"
                ],
                "protocol": "tcp"
              },
              {
                "ports": [],
                "protocol": "icmp"
              }
            ],
            "creation_timestamp": "2023-07-04T21:55:41.917-07:00",
            "deny": [],
            "description": "",
            "destination_ranges": [],
            "direction": "INGRESS",
            "disabled": false,
            "enable_logging": null,
            "id": "projects/iot-platform-333007/global/firewalls/firewall-demo-monitoring",
            "log_config": [],
            "name": "firewall-demo-monitoring",
            "network": "https://www.googleapis.com/compute/v1/projects/iot-platform-333007/global/networks/vpc-network-quangbs",
            "priority": 1000,
            "project": "iot-platform-333007",
            "self_link": "https://www.googleapis.com/compute/v1/projects/iot-platform-333007/global/firewalls/firewall-demo-monitoring",
            "source_ranges": [],
            "source_service_accounts": [],
            "source_tags": [
              "web"
            ],
            "target_service_accounts": [],
            "target_tags": [],
            "timeouts": null
          },
          "sensitive_attributes": [],
          "private": "eyJlMmJmYjczMC1lY2FhLTExZTYtOGY4OC0zNDM2M2JjN2M0YzAiOnsiY3JlYXRlIjoxMjAwMDAwMDAwMDAwLCJkZWxldGUiOjEyMDAwMDAwMDAwMDAsInVwZGF0ZSI6MTIwMDAwMDAwMDAwMH0sInNjaGVtYV92ZXJzaW9uIjoiMSJ9",
          "dependencies": [
            "google_compute_network.vpc_network"
          ]
        }
      ]
    },
    {
      "mode": "managed",
      "type": "google_compute_network",
      "name": "vpc_network",
      "provider": "provider[\"registry.terraform.io/hashicorp/google\"]",
      "instances": [
        {
          "schema_version": 0,
          "attributes": {
            "auto_create_subnetworks": false,
            "delete_default_routes_on_create": false,
            "description": "",
            "enable_ula_internal_ipv6": false,
            "gateway_ipv4": "",
            "id": "projects/iot-platform-333007/global/networks/vpc-network-quangbs",
            "internal_ipv6_range": "",
            "mtu": 1460,
            "name": "vpc-network-quangbs",
            "network_firewall_policy_enforcement_order": "AFTER_CLASSIC_FIREWALL",
            "project": "iot-platform-333007",
            "routing_mode": "REGIONAL",
            "self_link": "https://www.googleapis.com/compute/v1/projects/iot-platform-333007/global/networks/vpc-network-quangbs",
            "timeouts": null
          },
          "sensitive_attributes": [],
          "private": "eyJlMmJmYjczMC1lY2FhLTExZTYtOGY4OC0zNDM2M2JjN2M0YzAiOnsiY3JlYXRlIjoxMjAwMDAwMDAwMDAwLCJkZWxldGUiOjEyMDAwMDAwMDAwMDAsInVwZGF0ZSI6MTIwMDAwMDAwMDAwMH19"
        }
      ]
    },
    {
      "mode": "managed",
      "type": "google_compute_router",
      "name": "router",
      "provider": "provider[\"registry.terraform.io/hashicorp/google\"]",
      "instances": [
        {
          "schema_version": 0,
          "attributes": {
            "bgp": [],
            "creation_timestamp": "2023-07-04T23:16:49.419-07:00",
            "description": "",
            "encrypted_interconnect_router": false,
            "id": "projects/iot-platform-333007/regions/asia-southeast1/routers/router",
            "name": "router",
            "network": "https://www.googleapis.com/compute/v1/projects/iot-platform-333007/global/networks/vpc-network-quangbs",
            "project": "iot-platform-333007",
            "region": "asia-southeast1",
            "self_link": "https://www.googleapis.com/compute/v1/projects/iot-platform-333007/regions/asia-southeast1/routers/router",
            "timeouts": null
          },
          "sensitive_attributes": [],
          "private": "eyJlMmJmYjczMC1lY2FhLTExZTYtOGY4OC0zNDM2M2JjN2M0YzAiOnsiY3JlYXRlIjoxMjAwMDAwMDAwMDAwLCJkZWxldGUiOjEyMDAwMDAwMDAwMDAsInVwZGF0ZSI6MTIwMDAwMDAwMDAwMH19",
          "dependencies": [
            "google_compute_network.vpc_network"
          ]
        }
      ]
    },
    {
      "mode": "managed",
      "type": "google_compute_router_nat",
      "name": "nat",
      "provider": "provider[\"registry.terraform.io/hashicorp/google\"]",
      "instances": [
        {
          "schema_version": 0,
          "attributes": {
            "drain_nat_ips": [],
            "enable_dynamic_port_allocation": false,
            "enable_endpoint_independent_mapping": true,
            "icmp_idle_timeout_sec": 30,
            "id": "iot-platform-333007/asia-southeast1/router/my-router-nat",
            "log_config": [],
            "max_ports_per_vm": 0,
            "min_ports_per_vm": 0,
            "name": "my-router-nat",
            "nat_ip_allocate_option": "MANUAL_ONLY",
            "nat_ips": [
              "https://www.googleapis.com/compute/v1/projects/iot-platform-333007/regions/asia-southeast1/addresses/nat-demo"
            ],
            "project": "iot-platform-333007",
            "region": "asia-southeast1",
            "router": "router",
            "rules": [],
            "source_subnetwork_ip_ranges_to_nat": "LIST_OF_SUBNETWORKS",
            "subnetwork": [
              {
                "name": "https://www.googleapis.com/compute/v1/projects/iot-platform-333007/regions/asia-southeast1/subnetworks/private",
                "secondary_ip_range_names": [],
                "source_ip_ranges_to_nat": [
                  "ALL_IP_RANGES"
                ]
              }
            ],
            "tcp_established_idle_timeout_sec": 1200,
            "tcp_time_wait_timeout_sec": 120,
            "tcp_transitory_idle_timeout_sec": 30,
            "timeouts": null,
            "udp_idle_timeout_sec": 30
          },
          "sensitive_attributes": [],
          "private": "eyJlMmJmYjczMC1lY2FhLTExZTYtOGY4OC0zNDM2M2JjN2M0YzAiOnsiY3JlYXRlIjoxMjAwMDAwMDAwMDAwLCJkZWxldGUiOjEyMDAwMDAwMDAwMDAsInVwZGF0ZSI6MTIwMDAwMDAwMDAwMH19",
          "dependencies": [
            "google_compute_address.nat",
            "google_compute_network.vpc_network",
            "google_compute_router.router",
            "google_compute_subnetwork.private",
            "google_project_service.compute"
          ]
        }
      ]
    },
    {
      "mode": "managed",
      "type": "google_compute_subnetwork",
      "name": "private",
      "provider": "provider[\"registry.terraform.io/hashicorp/google\"]",
      "instances": [
        {
          "schema_version": 0,
          "attributes": {
            "creation_timestamp": "2023-07-04T22:54:23.626-07:00",
            "description": "",
            "external_ipv6_prefix": "",
            "fingerprint": null,
            "gateway_address": "10.2.0.1",
            "id": "projects/iot-platform-333007/regions/asia-southeast1/subnetworks/private",
            "ip_cidr_range": "10.2.0.0/16",
            "ipv6_access_type": "",
            "ipv6_cidr_range": "",
            "log_config": [],
            "name": "private",
            "network": "https://www.googleapis.com/compute/v1/projects/iot-platform-333007/global/networks/vpc-network-quangbs",
            "private_ip_google_access": true,
            "private_ipv6_google_access": "DISABLE_GOOGLE_ACCESS",
            "project": "iot-platform-333007",
            "purpose": "PRIVATE",
            "region": "asia-southeast1",
            "role": "",
            "secondary_ip_range": [
              {
                "ip_cidr_range": "10.48.0.0/14",
                "range_name": "k8s-pod-range"
              },
              {
                "ip_cidr_range": "10.52.0.0/24",
                "range_name": "k8s-service-range"
              }
            ],
            "self_link": "https://www.googleapis.com/compute/v1/projects/iot-platform-333007/regions/asia-southeast1/subnetworks/private",
            "stack_type": "IPV4_ONLY",
            "timeouts": null
          },
          "sensitive_attributes": [],
          "private": "eyJlMmJmYjczMC1lY2FhLTExZTYtOGY4OC0zNDM2M2JjN2M0YzAiOnsiY3JlYXRlIjoxMjAwMDAwMDAwMDAwLCJkZWxldGUiOjEyMDAwMDAwMDAwMDAsInVwZGF0ZSI6MTIwMDAwMDAwMDAwMH19",
          "dependencies": [
            "google_compute_network.vpc_network"
          ]
        }
      ]
    },
    {
      "mode": "managed",
      "type": "google_compute_subnetwork",
      "name": "public",
      "provider": "provider[\"registry.terraform.io/hashicorp/google\"]",
      "instances": [
        {
          "schema_version": 0,
          "attributes": {
            "creation_timestamp": "2023-07-04T22:54:25.014-07:00",
            "description": "",
            "external_ipv6_prefix": "",
            "fingerprint": null,
            "gateway_address": "10.1.0.1",
            "id": "projects/iot-platform-333007/regions/asia-southeast1/subnetworks/subnet-public",
            "ip_cidr_range": "10.1.0.0/18",
            "ipv6_access_type": "",
            "ipv6_cidr_range": "",
            "log_config": [],
            "name": "subnet-public",
            "network": "https://www.googleapis.com/compute/v1/projects/iot-platform-333007/global/networks/vpc-network-quangbs",
            "private_ip_google_access": false,
            "private_ipv6_google_access": "DISABLE_GOOGLE_ACCESS",
            "project": "iot-platform-333007",
            "purpose": "PRIVATE",
            "region": "asia-southeast1",
            "role": "",
            "secondary_ip_range": [],
            "self_link": "https://www.googleapis.com/compute/v1/projects/iot-platform-333007/regions/asia-southeast1/subnetworks/subnet-public",
            "stack_type": "IPV4_ONLY",
            "timeouts": null
          },
          "sensitive_attributes": [],
          "private": "eyJlMmJmYjczMC1lY2FhLTExZTYtOGY4OC0zNDM2M2JjN2M0YzAiOnsiY3JlYXRlIjoxMjAwMDAwMDAwMDAwLCJkZWxldGUiOjEyMDAwMDAwMDAwMDAsInVwZGF0ZSI6MTIwMDAwMDAwMDAwMH19",
          "dependencies": [
            "google_compute_network.vpc_network"
          ]
        }
      ]
    },
    {
      "mode": "managed",
      "type": "google_container_cluster",
      "name": "gke-demo",
      "provider": "provider[\"registry.terraform.io/hashicorp/google\"]",
      "instances": [
        {
          "schema_version": 1,
          "attributes": {
            "addons_config": [
              {
                "cloudrun_config": [],
                "config_connector_config": [],
                "dns_cache_config": [],
                "gce_persistent_disk_csi_driver_config": [
                  {
                    "enabled": true
                  }
                ],
                "gcp_filestore_csi_driver_config": [],
                "gke_backup_agent_config": [],
                "horizontal_pod_autoscaling": [
                  {
                    "disabled": false
                  }
                ],
                "http_load_balancing": [
                  {
                    "disabled": false
                  }
                ],
                "network_policy_config": [
                  {
                    "disabled": true
                  }
                ]
              }
            ],
            "authenticator_groups_config": [],
            "binary_authorization": [
              {
                "enabled": false,
                "evaluation_mode": ""
              }
            ],
            "cluster_autoscaling": [
              {
                "auto_provisioning_defaults": [],
                "enabled": false,
                "resource_limits": []
              }
            ],
            "cluster_ipv4_cidr": "10.48.0.0/14",
            "confidential_nodes": [],
            "cost_management_config": [],
            "database_encryption": [
              {
                "key_name": "",
                "state": "DECRYPTED"
              }
            ],
            "datapath_provider": "",
            "default_max_pods_per_node": 110,
            "default_snat_status": [
              {
                "disabled": false
              }
            ],
            "description": "",
            "dns_config": [],
            "enable_autopilot": false,
            "enable_binary_authorization": false,
            "enable_intranode_visibility": false,
            "enable_kubernetes_alpha": false,
            "enable_l4_ilb_subsetting": false,
            "enable_legacy_abac": false,
            "enable_shielded_nodes": true,
            "enable_tpu": false,
            "endpoint": "34.142.222.119",
            "gateway_api_config": [],
            "id": "projects/iot-platform-333007/locations/asia-southeast1-a/clusters/gke-demo-monitoring",
            "initial_node_count": 1,
            "ip_allocation_policy": [
              {
                "cluster_ipv4_cidr_block": "10.48.0.0/14",
                "cluster_secondary_range_name": "k8s-pod-range",
                "pod_cidr_overprovision_config": [
                  {
                    "disabled": false
                  }
                ],
                "services_ipv4_cidr_block": "10.52.0.0/24",
                "services_secondary_range_name": "k8s-service-range",
                "stack_type": "IPV4"
              }
            ],
            "label_fingerprint": "a9dc16a7",
            "location": "asia-southeast1-a",
            "logging_config": [
              {
                "enable_components": [
                  "SYSTEM_COMPONENTS",
                  "WORKLOADS"
                ]
              }
            ],
            "logging_service": "logging.googleapis.com/kubernetes",
            "maintenance_policy": [],
            "master_auth": [
              {
                "client_certificate": "",
                "client_certificate_config": [
                  {
                    "issue_client_certificate": false
                  }
                ],
                "client_key": "",
                "cluster_ca_certificate": "LS0tLS1CRUdJTiBDRVJUSUZJQ0FURS0tLS0tCk1JSUVMVENDQXBXZ0F3SUJBZ0lSQUtOS3hPTXdNL0UyQ3JBeTgrZFIrRzR3RFFZSktvWklodmNOQVFFTEJRQXcKTHpFdE1Dc0dBMVVFQXhNa05EZ3hPV05qT0dNdE1tTmhNUzAwTTJVeExXRmhZak10WVROak1qYzRaVEUwT1RNNQpNQ0FYRFRJek1EY3dOVEEwTlRVeE4xb1lEekl3TlRNd05qSTNNRFUxTlRFM1dqQXZNUzB3S3dZRFZRUURFeVEwCk9ERTVZMk00WXkweVkyRXhMVFF6WlRFdFlXRmlNeTFoTTJNeU56aGxNVFE1TXprd2dnR2lNQTBHQ1NxR1NJYjMKRFFFQkFRVUFBNElCandBd2dnR0tBb0lCZ1FDK2RRd2g4bHd6RFg4dTI3bzhlRjFoODl2OWR6Qy9CY0ZnUi9TbApmSnZqaTZmZDVBN2Z5amF0bEtUK0NLYzJrdUJUOGVOcHJqdHdZVk91b3lXQ3J4Q09tZVhFRWxHVUJ4NDFTYXdvClNUeGVadDgzd0pRTkNUQkVWajhMMW45Z1hNYnJSSjBIN011OVFGdmIyVGVOcUlOWWpQRnFIL1FhZlE0MzZmSUcKZkdEWVpUVXhwQzdWalhlV0Evck5XWmkwN3hRZHNpNmVqVHJNdklUWGQrV0FiUyt5Z1orMy9ZZVA2TWltem9OegpNYjdhQUtRM0NrUlRDb25HREsxTG5YTFg1WXdkSVpIVFRPWGVielQ5cFNBbThBMW5WY1dmWURoYjVNYlJ0cm9tCjhBdzRtdys5cVJKMldKUC82NlZEMjFXOUo1Tk0zMzhuMW5KaXAweDlHMG9kK28vdFZuOG5wZVBwTnFQbkZod3QKQmlEK25xOS83SytTZFV0eWVKNHdiOFJJMklYdG1RbHVFWjhJZzlTaDJCaHh3bjMzZFJieUlXd3l3Q1BtLzhucwo1ZEttTkpXVEs5MXh3ZFNySkQwb0lBVzhmRmI4dEt3cVZjZkpPMDExbGZUY2I3TDFYNDhJcnZvZzF3S0hsK0tJClJtU3g3WTF3aTArcW5iUUJuYlJJbjIvTDNrMENBd0VBQWFOQ01FQXdEZ1lEVlIwUEFRSC9CQVFEQWdJRU1BOEcKQTFVZEV3RUIvd1FGTUFNQkFmOHdIUVlEVlIwT0JCWUVGRG43amJWY0dpQmpZajMwVmpSSDVXQVhmSnBqTUEwRwpDU3FHU0liM0RRRUJDd1VBQTRJQmdRQ1FWK3lEMCt3U0hkN0JFbkE4YUMvc1NadEF4NCsrUTVPbUg5QVFtTUFmClVzTHR4ZTNJekZZNEQzL0tMWUJwYklOS0NUQUNkRll4WFBaMXVrZktKTk9meW0wZ3luZ1U0V0F2cHNteCtRdXkKVWorMVJxNC8vZlJRN2lqN1UwVWhKK3lrdEJURzlkbnYveE5KQVdXUHVTRU4vc0ZwT0laS0I2ZHU4YzZzQlJsYwp2N21GQisvS01rY29xSTk3b1dFY2VNYjJ6ODNkcTR6YmRYeDU5T2lKSlV6T2E2dmtoTlFiUGlXWllzUmE5UG4xCkFVcm9Cb1pEbDZwcEc0K3FwRVdmL2pnbmNSS2Z0b1BKbit6VUltdVhxK2JIQk5aTUp5c1ZXMnFmQU9Oc0k3cmcKSnpuUXZtWWlackVkU25lV2NCV0NUcnN5QkxxSHZ6dUZxSURxL2gyNkYwVXozczRjaGdURm1pbHNFNlBvZE1NUApEM2lRSkxNSGJiZGJ6b25aRlhDK3E1ay9uL1JaSHJtcmcxKzh3T0JVSW9aSVB3VkhkT3pPM3QvazUxb3E1ek9xCkpXa3k3NXYva29jUzVQOFdwQnFwRS82ZlZTaUJrMlVpM3RZVjNhcGM5VnduT2xja2doRWg4SVRONDJGbmVtWFoKSC93SDhaM0gvQ0JQY1E2WDNtK0k3bjQ9Ci0tLS0tRU5EIENFUlRJRklDQVRFLS0tLS0K"
              }
            ],
            "master_authorized_networks_config": [],
            "master_version": "1.25.10-gke.1200",
            "mesh_certificates": [],
            "min_master_version": null,
            "monitoring_config": [
              {
                "enable_components": [
                  "SYSTEM_COMPONENTS"
                ],
                "managed_prometheus": []
              }
            ],
            "monitoring_service": "monitoring.googleapis.com/kubernetes",
            "name": "gke-demo-monitoring",
            "network": "projects/iot-platform-333007/global/networks/vpc-network-quangbs",
            "network_policy": [
              {
                "enabled": false,
                "provider": "PROVIDER_UNSPECIFIED"
              }
            ],
            "networking_mode": "VPC_NATIVE",
            "node_config": [
              {
                "advanced_machine_features": [],
                "boot_disk_kms_key": "",
                "disk_size_gb": 100,
                "disk_type": "pd-balanced",
                "ephemeral_storage_local_ssd_config": [],
                "gcfs_config": [],
                "guest_accelerator": [],
                "gvnic": [],
                "image_type": "COS_CONTAINERD",
                "kubelet_config": [],
                "labels": {
                  "role": "general"
                },
                "linux_node_config": [],
                "local_nvme_ssd_block_config": [],
                "local_ssd_count": 0,
                "logging_variant": "DEFAULT",
                "machine_type": "e2-standard-4",
                "metadata": {
                  "disable-legacy-endpoints": "true"
                },
                "min_cpu_platform": "",
                "node_group": "",
                "oauth_scopes": [
                  "https://www.googleapis.com/auth/cloud-platform"
                ],
                "preemptible": false,
                "reservation_affinity": [],
                "resource_labels": {},
                "service_account": "kubernetes-demo@iot-platform-333007.iam.gserviceaccount.com",
                "shielded_instance_config": [
                  {
                    "enable_integrity_monitoring": true,
                    "enable_secure_boot": false
                  }
                ],
                "sole_tenant_config": [],
                "spot": false,
                "tags": [],
                "taint": [],
                "workload_metadata_config": [
                  {
                    "mode": "GKE_METADATA"
                  }
                ]
              }
            ],
            "node_locations": [],
            "node_pool": [
              {
                "autoscaling": [],
                "initial_node_count": 2,
                "instance_group_urls": [
                  "https://www.googleapis.com/compute/v1/projects/iot-platform-333007/zones/asia-southeast1-a/instanceGroupManagers/gke-gke-demo-monitoring-general-b3120f32-grp"
                ],
                "managed_instance_group_urls": [
                  "https://www.googleapis.com/compute/v1/projects/iot-platform-333007/zones/asia-southeast1-a/instanceGroups/gke-gke-demo-monitoring-general-b3120f32-grp"
                ],
                "management": [
                  {
                    "auto_repair": true,
                    "auto_upgrade": true
                  }
                ],
                "max_pods_per_node": 110,
                "name": "general",
                "name_prefix": "",
                "network_config": [
                  {
                    "create_pod_range": false,
                    "enable_private_nodes": false,
                    "pod_cidr_overprovision_config": [],
                    "pod_ipv4_cidr_block": "10.48.0.0/14",
                    "pod_range": "k8s-pod-range"
                  }
                ],
                "node_config": [
                  {
                    "advanced_machine_features": [],
                    "boot_disk_kms_key": "",
                    "disk_size_gb": 100,
                    "disk_type": "pd-balanced",
                    "ephemeral_storage_local_ssd_config": [],
                    "gcfs_config": [],
                    "guest_accelerator": [],
                    "gvnic": [],
                    "image_type": "COS_CONTAINERD",
                    "kubelet_config": [],
                    "labels": {
                      "role": "general"
                    },
                    "linux_node_config": [],
                    "local_nvme_ssd_block_config": [],
                    "local_ssd_count": 0,
                    "logging_variant": "DEFAULT",
                    "machine_type": "e2-standard-4",
                    "metadata": {
                      "disable-legacy-endpoints": "true"
                    },
                    "min_cpu_platform": "",
                    "node_group": "",
                    "oauth_scopes": [
                      "https://www.googleapis.com/auth/cloud-platform"
                    ],
                    "preemptible": false,
                    "reservation_affinity": [],
                    "resource_labels": {},
                    "service_account": "kubernetes-demo@iot-platform-333007.iam.gserviceaccount.com",
                    "shielded_instance_config": [
                      {
                        "enable_integrity_monitoring": true,
                        "enable_secure_boot": false
                      }
                    ],
                    "sole_tenant_config": [],
                    "spot": false,
                    "tags": [],
                    "taint": [],
                    "workload_metadata_config": [
                      {
                        "mode": "GKE_METADATA"
                      }
                    ]
                  }
                ],
                "node_count": 2,
                "node_locations": [
                  "asia-southeast1-a"
                ],
                "placement_policy": [],
                "upgrade_settings": [
                  {
                    "blue_green_settings": [],
                    "max_surge": 1,
                    "max_unavailable": 0,
                    "strategy": "SURGE"
                  }
                ],
                "version": "1.25.10-gke.1200"
              },
              {
                "autoscaling": [
                  {
                    "location_policy": "ANY",
                    "max_node_count": 3,
                    "min_node_count": 0,
                    "total_max_node_count": 0,
                    "total_min_node_count": 0
                  }
                ],
                "initial_node_count": 0,
                "instance_group_urls": [
                  "https://www.googleapis.com/compute/v1/projects/iot-platform-333007/zones/asia-southeast1-a/instanceGroupManagers/gke-gke-demo-monitoring-spot-e19616af-grp"
                ],
                "managed_instance_group_urls": [
                  "https://www.googleapis.com/compute/v1/projects/iot-platform-333007/zones/asia-southeast1-a/instanceGroups/gke-gke-demo-monitoring-spot-e19616af-grp"
                ],
                "management": [
                  {
                    "auto_repair": true,
                    "auto_upgrade": true
                  }
                ],
                "max_pods_per_node": 110,
                "name": "spot",
                "name_prefix": "",
                "network_config": [
                  {
                    "create_pod_range": false,
                    "enable_private_nodes": false,
                    "pod_cidr_overprovision_config": [],
                    "pod_ipv4_cidr_block": "10.48.0.0/14",
                    "pod_range": "k8s-pod-range"
                  }
                ],
                "node_config": [
                  {
                    "advanced_machine_features": [],
                    "boot_disk_kms_key": "",
                    "disk_size_gb": 100,
                    "disk_type": "pd-balanced",
                    "ephemeral_storage_local_ssd_config": [],
                    "gcfs_config": [],
                    "guest_accelerator": [],
                    "gvnic": [],
                    "image_type": "COS_CONTAINERD",
                    "kubelet_config": [],
                    "labels": {
                      "team": "devops"
                    },
                    "linux_node_config": [],
                    "local_nvme_ssd_block_config": [],
                    "local_ssd_count": 0,
                    "logging_variant": "DEFAULT",
                    "machine_type": "e2-small",
                    "metadata": {
                      "disable-legacy-endpoints": "true"
                    },
                    "min_cpu_platform": "",
                    "node_group": "",
                    "oauth_scopes": [
                      "https://www.googleapis.com/auth/cloud-platform"
                    ],
                    "preemptible": true,
                    "reservation_affinity": [],
                    "resource_labels": {},
                    "service_account": "kubernetes-demo@iot-platform-333007.iam.gserviceaccount.com",
                    "shielded_instance_config": [
                      {
                        "enable_integrity_monitoring": true,
                        "enable_secure_boot": false
                      }
                    ],
                    "sole_tenant_config": [],
                    "spot": false,
                    "tags": [],
                    "taint": [
                      {
                        "effect": "NO_SCHEDULE",
                        "key": "instance_type",
                        "value": "spot"
                      }
                    ],
                    "workload_metadata_config": [
                      {
                        "mode": "GKE_METADATA"
                      }
                    ]
                  }
                ],
                "node_count": 0,
                "node_locations": [
                  "asia-southeast1-a"
                ],
                "placement_policy": [],
                "upgrade_settings": [
                  {
                    "blue_green_settings": [],
                    "max_surge": 1,
                    "max_unavailable": 0,
                    "strategy": "SURGE"
                  }
                ],
                "version": "1.25.10-gke.1200"
              }
            ],
            "node_pool_defaults": [
              {
                "node_config_defaults": [
                  {
                    "logging_variant": "DEFAULT"
                  }
                ]
              }
            ],
            "node_version": "1.25.10-gke.1200",
            "notification_config": [
              {
                "pubsub": [
                  {
                    "enabled": false,
                    "filter": [],
                    "topic": ""
                  }
                ]
              }
            ],
            "operation": null,
            "private_cluster_config": [
              {
                "enable_private_endpoint": false,
                "enable_private_nodes": true,
                "master_global_access_config": [
                  {
                    "enabled": false
                  }
                ],
                "master_ipv4_cidr_block": "172.16.0.0/28",
                "peering_name": "gke-nd0685bc996bc494d9e3-7425-473e-peer",
                "private_endpoint": "172.16.0.2",
                "private_endpoint_subnetwork": "",
                "public_endpoint": "34.142.222.119"
              }
            ],
            "private_ipv6_google_access": "",
            "project": "iot-platform-333007",
            "release_channel": [
              {
                "channel": "REGULAR"
              }
            ],
            "remove_default_node_pool": true,
            "resource_labels": {},
            "resource_usage_export_config": [],
            "self_link": "https://container.googleapis.com/v1/projects/iot-platform-333007/zones/asia-southeast1-a/clusters/gke-demo-monitoring",
            "service_external_ips_config": [
              {
                "enabled": false
              }
            ],
            "services_ipv4_cidr": "10.52.0.0/24",
            "subnetwork": "projects/iot-platform-333007/regions/asia-southeast1/subnetworks/private",
            "timeouts": null,
            "tpu_ipv4_cidr_block": "",
            "vertical_pod_autoscaling": [],
            "workload_identity_config": [
              {
                "workload_pool": "iot-platform-333007.svc.id.goog"
              }
            ]
          },
          "sensitive_attributes": [],
          "private": "eyJlMmJmYjczMC1lY2FhLTExZTYtOGY4OC0zNDM2M2JjN2M0YzAiOnsiY3JlYXRlIjoyNDAwMDAwMDAwMDAwLCJkZWxldGUiOjI0MDAwMDAwMDAwMDAsInJlYWQiOjI0MDAwMDAwMDAwMDAsInVwZGF0ZSI6MzYwMDAwMDAwMDAwMH0sInNjaGVtYV92ZXJzaW9uIjoiMSJ9",
          "dependencies": [
            "google_compute_network.vpc_network",
            "google_compute_subnetwork.private"
          ]
        }
      ]
    },
    {
      "mode": "managed",
      "type": "google_container_node_pool",
      "name": "general",
      "provider": "provider[\"registry.terraform.io/hashicorp/google\"]",
      "instances": [
        {
          "schema_version": 1,
          "attributes": {
            "autoscaling": [],
            "cluster": "projects/iot-platform-333007/locations/asia-southeast1-a/clusters/gke-demo-monitoring",
            "id": "projects/iot-platform-333007/locations/asia-southeast1-a/clusters/gke-demo-monitoring/nodePools/general",
            "initial_node_count": 2,
            "instance_group_urls": [
              "https://www.googleapis.com/compute/v1/projects/iot-platform-333007/zones/asia-southeast1-a/instanceGroupManagers/gke-gke-demo-monitoring-general-b3120f32-grp"
            ],
            "location": "asia-southeast1-a",
            "managed_instance_group_urls": [
              "https://www.googleapis.com/compute/v1/projects/iot-platform-333007/zones/asia-southeast1-a/instanceGroups/gke-gke-demo-monitoring-general-b3120f32-grp"
            ],
            "management": [
              {
                "auto_repair": true,
                "auto_upgrade": true
              }
            ],
            "max_pods_per_node": 110,
            "name": "general",
            "name_prefix": "",
            "network_config": [
              {
                "create_pod_range": false,
                "enable_private_nodes": false,
                "pod_cidr_overprovision_config": [],
                "pod_ipv4_cidr_block": "10.48.0.0/14",
                "pod_range": "k8s-pod-range"
              }
            ],
            "node_config": [
              {
                "advanced_machine_features": [],
                "boot_disk_kms_key": "",
                "disk_size_gb": 100,
                "disk_type": "pd-balanced",
                "ephemeral_storage_local_ssd_config": [],
                "gcfs_config": [],
                "guest_accelerator": [],
                "gvnic": [],
                "image_type": "COS_CONTAINERD",
                "kubelet_config": [],
                "labels": {
                  "role": "general"
                },
                "linux_node_config": [],
                "local_nvme_ssd_block_config": [],
                "local_ssd_count": 0,
                "logging_variant": "DEFAULT",
                "machine_type": "e2-standard-4",
                "metadata": {
                  "disable-legacy-endpoints": "true"
                },
                "min_cpu_platform": "",
                "node_group": "",
                "oauth_scopes": [
                  "https://www.googleapis.com/auth/cloud-platform"
                ],
                "preemptible": false,
                "reservation_affinity": [],
                "resource_labels": {},
                "service_account": "kubernetes-demo@iot-platform-333007.iam.gserviceaccount.com",
                "shielded_instance_config": [
                  {
                    "enable_integrity_monitoring": true,
                    "enable_secure_boot": false
                  }
                ],
                "sole_tenant_config": [],
                "spot": false,
                "tags": [],
                "taint": [],
                "workload_metadata_config": [
                  {
                    "mode": "GKE_METADATA"
                  }
                ]
              }
            ],
            "node_count": 2,
            "node_locations": [
              "asia-southeast1-a"
            ],
            "operation": null,
            "placement_policy": [],
            "project": "iot-platform-333007",
            "timeouts": null,
            "upgrade_settings": [
              {
                "blue_green_settings": [],
                "max_surge": 1,
                "max_unavailable": 0,
                "strategy": "SURGE"
              }
            ],
            "version": "1.25.10-gke.1200"
          },
          "sensitive_attributes": [],
          "private": "eyJlMmJmYjczMC1lY2FhLTExZTYtOGY4OC0zNDM2M2JjN2M0YzAiOnsiY3JlYXRlIjoxODAwMDAwMDAwMDAwLCJkZWxldGUiOjE4MDAwMDAwMDAwMDAsInVwZGF0ZSI6MTgwMDAwMDAwMDAwMH0sInNjaGVtYV92ZXJzaW9uIjoiMSJ9",
          "dependencies": [
            "google_compute_network.vpc_network",
            "google_compute_subnetwork.private",
            "google_container_cluster.gke-demo",
            "google_service_account.kubernetes"
          ]
        }
      ]
    },
    {
      "mode": "managed",
      "type": "google_container_node_pool",
      "name": "spot",
      "provider": "provider[\"registry.terraform.io/hashicorp/google\"]",
      "instances": [
        {
          "schema_version": 1,
          "attributes": {
            "autoscaling": [
              {
                "location_policy": "ANY",
                "max_node_count": 3,
                "min_node_count": 0,
                "total_max_node_count": 0,
                "total_min_node_count": 0
              }
            ],
            "cluster": "projects/iot-platform-333007/locations/asia-southeast1-a/clusters/gke-demo-monitoring",
            "id": "projects/iot-platform-333007/locations/asia-southeast1-a/clusters/gke-demo-monitoring/nodePools/spot",
            "initial_node_count": 0,
            "instance_group_urls": [
              "https://www.googleapis.com/compute/v1/projects/iot-platform-333007/zones/asia-southeast1-a/instanceGroupManagers/gke-gke-demo-monitoring-spot-e19616af-grp"
            ],
            "location": "asia-southeast1-a",
            "managed_instance_group_urls": [
              "https://www.googleapis.com/compute/v1/projects/iot-platform-333007/zones/asia-southeast1-a/instanceGroups/gke-gke-demo-monitoring-spot-e19616af-grp"
            ],
            "management": [
              {
                "auto_repair": true,
                "auto_upgrade": true
              }
            ],
            "max_pods_per_node": 110,
            "name": "spot",
            "name_prefix": "",
            "network_config": [
              {
                "create_pod_range": false,
                "enable_private_nodes": false,
                "pod_cidr_overprovision_config": [],
                "pod_ipv4_cidr_block": "10.48.0.0/14",
                "pod_range": "k8s-pod-range"
              }
            ],
            "node_config": [
              {
                "advanced_machine_features": [],
                "boot_disk_kms_key": "",
                "disk_size_gb": 100,
                "disk_type": "pd-balanced",
                "ephemeral_storage_local_ssd_config": [],
                "gcfs_config": [],
                "guest_accelerator": [],
                "gvnic": [],
                "image_type": "COS_CONTAINERD",
                "kubelet_config": [],
                "labels": {
                  "team": "devops"
                },
                "linux_node_config": [],
                "local_nvme_ssd_block_config": [],
                "local_ssd_count": 0,
                "logging_variant": "DEFAULT",
                "machine_type": "e2-small",
                "metadata": {
                  "disable-legacy-endpoints": "true"
                },
                "min_cpu_platform": "",
                "node_group": "",
                "oauth_scopes": [
                  "https://www.googleapis.com/auth/cloud-platform"
                ],
                "preemptible": true,
                "reservation_affinity": [],
                "resource_labels": {},
                "service_account": "kubernetes-demo@iot-platform-333007.iam.gserviceaccount.com",
                "shielded_instance_config": [
                  {
                    "enable_integrity_monitoring": true,
                    "enable_secure_boot": false
                  }
                ],
                "sole_tenant_config": [],
                "spot": false,
                "tags": [],
                "taint": [
                  {
                    "effect": "NO_SCHEDULE",
                    "key": "instance_type",
                    "value": "spot"
                  }
                ],
                "workload_metadata_config": [
                  {
                    "mode": "GKE_METADATA"
                  }
                ]
              }
            ],
            "node_count": 0,
            "node_locations": [
              "asia-southeast1-a"
            ],
            "operation": null,
            "placement_policy": [],
            "project": "iot-platform-333007",
            "timeouts": null,
            "upgrade_settings": [
              {
                "blue_green_settings": [],
                "max_surge": 1,
                "max_unavailable": 0,
                "strategy": "SURGE"
              }
            ],
            "version": "1.25.10-gke.1200"
          },
          "sensitive_attributes": [],
          "private": "eyJlMmJmYjczMC1lY2FhLTExZTYtOGY4OC0zNDM2M2JjN2M0YzAiOnsiY3JlYXRlIjoxODAwMDAwMDAwMDAwLCJkZWxldGUiOjE4MDAwMDAwMDAwMDAsInVwZGF0ZSI6MTgwMDAwMDAwMDAwMH0sInNjaGVtYV92ZXJzaW9uIjoiMSJ9",
          "dependencies": [
            "google_compute_network.vpc_network",
            "google_compute_subnetwork.private",
            "google_container_cluster.gke-demo",
            "google_service_account.kubernetes"
          ]
        }
      ]
    },
    {
      "mode": "managed",
      "type": "google_project_service",
      "name": "compute",
      "provider": "provider[\"registry.terraform.io/hashicorp/google\"]",
      "instances": [
        {
          "schema_version": 0,
          "attributes": {
            "disable_dependent_services": null,
            "disable_on_destroy": false,
            "id": "iot-platform-333007/compute.googleapis.com",
            "project": "iot-platform-333007",
            "service": "compute.googleapis.com",
            "timeouts": null
          },
          "sensitive_attributes": [],
          "private": "eyJlMmJmYjczMC1lY2FhLTExZTYtOGY4OC0zNDM2M2JjN2M0YzAiOnsiY3JlYXRlIjoxMjAwMDAwMDAwMDAwLCJkZWxldGUiOjEyMDAwMDAwMDAwMDAsInJlYWQiOjYwMDAwMDAwMDAwMCwidXBkYXRlIjoxMjAwMDAwMDAwMDAwfX0="
        }
      ]
    },
    {
      "mode": "managed",
      "type": "google_project_service",
      "name": "container",
      "provider": "provider[\"registry.terraform.io/hashicorp/google\"]",
      "instances": [
        {
          "schema_version": 0,
          "attributes": {
            "disable_dependent_services": null,
            "disable_on_destroy": false,
            "id": "iot-platform-333007/container.googleapis.com",
            "project": "iot-platform-333007",
            "service": "container.googleapis.com",
            "timeouts": null
          },
          "sensitive_attributes": [],
          "private": "eyJlMmJmYjczMC1lY2FhLTExZTYtOGY4OC0zNDM2M2JjN2M0YzAiOnsiY3JlYXRlIjoxMjAwMDAwMDAwMDAwLCJkZWxldGUiOjEyMDAwMDAwMDAwMDAsInJlYWQiOjYwMDAwMDAwMDAwMCwidXBkYXRlIjoxMjAwMDAwMDAwMDAwfX0="
        }
      ]
    },
    {
      "mode": "managed",
      "type": "google_service_account",
      "name": "kubernetes",
      "provider": "provider[\"registry.terraform.io/hashicorp/google\"]",
      "instances": [
        {
          "schema_version": 0,
          "attributes": {
            "account_id": "kubernetes-demo",
            "description": "",
            "disabled": false,
            "display_name": "kubernetes-demo",
            "email": "kubernetes-demo@iot-platform-333007.iam.gserviceaccount.com",
            "id": "projects/iot-platform-333007/serviceAccounts/kubernetes-demo@iot-platform-333007.iam.gserviceaccount.com",
            "member": "serviceAccount:kubernetes-demo@iot-platform-333007.iam.gserviceaccount.com",
            "name": "projects/iot-platform-333007/serviceAccounts/kubernetes-demo@iot-platform-333007.iam.gserviceaccount.com",
            "project": "iot-platform-333007",
            "timeouts": null,
            "unique_id": "102849345329936398560"
          },
          "sensitive_attributes": [],
          "private": "eyJlMmJmYjczMC1lY2FhLTExZTYtOGY4OC0zNDM2M2JjN2M0YzAiOnsiY3JlYXRlIjozMDAwMDAwMDAwMDB9fQ=="
        }
      ]
    },
    {
      "mode": "managed",
      "type": "google_service_account_key",
      "name": "kubernetes",
      "provider": "provider[\"registry.terraform.io/hashicorp/google\"]",
      "instances": [
        {
          "schema_version": 0,
          "attributes": {
            "id": "projects/iot-platform-333007/serviceAccounts/kubernetes-demo@iot-platform-333007.iam.gserviceaccount.com/keys/1243f3b7cf63644927a98bf92893ca6210a4fd4b",
            "keepers": null,
            "key_algorithm": "KEY_ALG_RSA_2048",
            "name": "projects/iot-platform-333007/serviceAccounts/kubernetes-demo@iot-platform-333007.iam.gserviceaccount.com/keys/1243f3b7cf63644927a98bf92893ca6210a4fd4b",
            "private_key": "ewogICJ0eXBlIjogInNlcnZpY2VfYWNjb3VudCIsCiAgInByb2plY3RfaWQiOiAiaW90LXBsYXRmb3JtLTMzMzAwNyIsCiAgInByaXZhdGVfa2V5X2lkIjogIjEyNDNmM2I3Y2Y2MzY0NDkyN2E5OGJmOTI4OTNjYTYyMTBhNGZkNGIiLAogICJwcml2YXRlX2tleSI6ICItLS0tLUJFR0lOIFBSSVZBVEUgS0VZLS0tLS1cbk1JSUV2QUlCQURBTkJna3Foa2lHOXcwQkFRRUZBQVNDQktZd2dnU2lBZ0VBQW9JQkFRQzlPdjRwMWVwK1UzK1JcbnZVekdTTHpaV1E1MDE5RWx1YWg3NVBkRTRLa0lzc2hlb0FWcnYxeTFpOXp3UkdVaUpDaXBFTVd2QlRLMFNUOXRcbmdFaGRVaUFKRjJpZ3JYTHZqbjM0WU9IenR6bkpqeXc0ZDZQTHdDUFlna3pCT3NGdVZpTS9HY3c5RE4wYVp6ajVcbm55MlVRRXJqQ3lxU0VGT3Jub21QVUVsSjcrTFFueS90ZGdKVTFoL05Lam9EQ2hMcXFCN2E0bWQ5dWFHb2c0M0lcblNoTnVtc3Q3c2JVTVlCT3NiTEJmNVo0MjRwbStnSDVYb3pONG1HWjlCalJQUFdBOGdQZ0ZRQUhUWG1pKzFob3RcblA5eTlmQlhOdG9TS2gzdVpRTXBEU0JhNllNUzh5NG9kbS9aWkU0dmZiK1B4TmFZclFKT2V4OG5VQ09mRzRldndcbi94NWIvb2ZkQWdNQkFBRUNnZ0VBRHVrVEZlRFJOVnNHOWtqZ1A4K0RjZXplZ3I1dXNIWk1uRmFTVlU4T2dxenpcbnRPRVBERXByMTdKSm1uVUpNd04rWUxQOW42amRNZStEbS9FN3duNnlINFZFclVSOWhmcklXa1hvQi9nc0NZSEtcbmpqaC9JNUxrUUM4a05TV1lFRVdoU1Z1VENFeDNMNWxxbCtDL0NxdDJPeVdxR1JCSVI0R2FmVHhxU2ZVby9oOHFcblN6UUtpSTkwME9TWmdiYjJIY3VrSEowQ2RrRU9NdUNMbDF4OUh1ZjhBWHhvanlqbE5lUml6aDBNMFJTQzV4bXJcblpJRHRjSEQxY0dXVTEwNEZlMGJ4WU0rTSs1L0I5dVRrNDVseENteGVsQjhtd2QyUmxrUjhZMWF0OEQxNnRxTndcbkVucGNuR2RsTk1jYmtnUk9IM0w3Q1J0eXo2K3hQRzNiS2N5U1NOREJVUUtCZ1FEZkxDY2Q0SkxnWHQ4TlhDWkpcbnN2S2grZjlETVp3VlFsZjQ0WWVCZFFsMEFacUZrT0hWMFVBamczRkRqQ0x3bkhmRGVLMktQbVQvcXZDVTliMXhcbmJPOHBOLzJacTJDTUlZK2VnamY3SnphVzRaTUpqMnJnT3Q4MWErKzZIZWJFMDlKcVd3N3d2ZzBtZ3NBS1ppM0NcbmdlWlM3OHgwK0pFRmx4b3NLOXBWVURjVFR3S0JnUURaRUxXR0NSV1NUUnVwcVhIR05LVzZWbXZRUWFFeHgvNE1cbnJVQVJUNUxJb1lmcUdhbEE1QVNvZjZqQjM2QzZOS1ZDbUl4M3lLZ2F6bDJLNFpaTklxSnVvL2ZDT1RUb3h2bGJcblVrYm9WZlFsRWUxbXRFM1B1aGJqK0U3NmdpSFBVbHdqTy94UG9aR0ZGTENnTGdsRlBEd3YwdkxQRE9zTU9DZFpcbkVlVzVIUlFYRXdLQmdDeHhRM3pzcXZNcGtXdThyUmRDSHBWcERvOVlBc2d0QlEzWUE3OGhDbmZpbGQ0Qll5Zk1cbld1UjNtWWVsRVpRdTVKNjFtb0dNT1ZxOHROcEZNYXV6ME5DNWlMUWdiOEtZTUZ5VmZBWjA0YWNjVnNheG04djVcbmpWZTdIZXRIWnh4TlBuclZsVjBWeTlLZWVSWFpFVVhKem84M2w5UzNaMUhnckdLZGZRWStTaWw3QW9HQUsyaU9cbkJKbjRlR04zTHJ5MkJmOHRUVkJQQ3p5MHNiSGUra1lEVS9MbjFidUg1S2J4RkFzRmEzVHNHS2xTQ1NyU0NibGNcbkRmQlF2ZHViRlZUN3E3MUxZbmpqNlRGcmhVbVZRRS81NGlpZVJIT0xXRWlpYnZJMTlhMElqa3hMMnB3TDFQZ0FcbkF5UzZaelMyQmJKdkpDdGhsZWJIcStSWGRRQWR6bEFuOHBjQUY0VUNnWUEzMWdaSG9ucXFrTk5EVUJYK1VhQ1Fcbkp3YnZScGtEaEdDWld2UHBwcEdJMzJ0M3o1QUV5bnJ4ODBXZkZBWE1kNTFGcHFZRXdDZFp3cnBsNlQ5U05aTGZcbjNJL21HOHZRSm45aFNvZkpEZUFXSzZQZHd4cGw0REtHR3BaM3hVNzAvRXNwekgvYVRwY2pSeXRaL0VOeEdDL0hcbkg0VjFjcUhUZmlGamE4S092VXJqVHc9PVxuLS0tLS1FTkQgUFJJVkFURSBLRVktLS0tLVxuIiwKICAiY2xpZW50X2VtYWlsIjogImt1YmVybmV0ZXMtZGVtb0Bpb3QtcGxhdGZvcm0tMzMzMDA3LmlhbS5nc2VydmljZWFjY291bnQuY29tIiwKICAiY2xpZW50X2lkIjogIjEwMjg0OTM0NTMyOTkzNjM5ODU2MCIsCiAgImF1dGhfdXJpIjogImh0dHBzOi8vYWNjb3VudHMuZ29vZ2xlLmNvbS9vL29hdXRoMi9hdXRoIiwKICAidG9rZW5fdXJpIjogImh0dHBzOi8vb2F1dGgyLmdvb2dsZWFwaXMuY29tL3Rva2VuIiwKICAiYXV0aF9wcm92aWRlcl94NTA5X2NlcnRfdXJsIjogImh0dHBzOi8vd3d3Lmdvb2dsZWFwaXMuY29tL29hdXRoMi92MS9jZXJ0cyIsCiAgImNsaWVudF94NTA5X2NlcnRfdXJsIjogImh0dHBzOi8vd3d3Lmdvb2dsZWFwaXMuY29tL3JvYm90L3YxL21ldGFkYXRhL3g1MDkva3ViZXJuZXRlcy1kZW1vJTQwaW90LXBsYXRmb3JtLTMzMzAwNy5pYW0uZ3NlcnZpY2VhY2NvdW50LmNvbSIsCiAgInVuaXZlcnNlX2RvbWFpbiI6ICJnb29nbGVhcGlzLmNvbSIKfQo=",
            "private_key_type": "TYPE_GOOGLE_CREDENTIALS_FILE",
            "public_key": "LS0tLS1CRUdJTiBDRVJUSUZJQ0FURS0tLS0tCk1JSUMvRENDQWVTZ0F3SUJBZ0lJTGREMG4vQm1tbXd3RFFZSktvWklodmNOQVFFRkJRQXdJREVlTUJ3R0ExVUUKQXhNVk1UQXlPRFE1TXpRMU16STVPVE0yTXprNE5UWXdNQ0FYRFRJek1EY3dOVEEwTlRVeU1Gb1lEems1T1RreApNak14TWpNMU9UVTVXakFnTVI0d0hBWURWUVFERXhVeE1ESTRORGt6TkRVek1qazVNell6T1RnMU5qQXdnZ0VpCk1BMEdDU3FHU0liM0RRRUJBUVVBQTRJQkR3QXdnZ0VLQW9JQkFRQzlPdjRwMWVwK1UzK1J2VXpHU0x6WldRNTAKMTlFbHVhaDc1UGRFNEtrSXNzaGVvQVZydjF5MWk5endSR1VpSkNpcEVNV3ZCVEswU1Q5dGdFaGRVaUFKRjJpZwpyWEx2am4zNFlPSHp0em5Kanl3NGQ2UEx3Q1BZZ2t6Qk9zRnVWaU0vR2N3OUROMGFaemo1bnkyVVFFcmpDeXFTCkVGT3Jub21QVUVsSjcrTFFueS90ZGdKVTFoL05Lam9EQ2hMcXFCN2E0bWQ5dWFHb2c0M0lTaE51bXN0N3NiVU0KWUJPc2JMQmY1WjQyNHBtK2dINVhvek40bUdaOUJqUlBQV0E4Z1BnRlFBSFRYbWkrMWhvdFA5eTlmQlhOdG9TSwpoM3VaUU1wRFNCYTZZTVM4eTRvZG0vWlpFNHZmYitQeE5hWXJRSk9leDhuVUNPZkc0ZXZ3L3g1Yi9vZmRBZ01CCkFBR2pPREEyTUF3R0ExVWRFd0VCL3dRQ01BQXdEZ1lEVlIwUEFRSC9CQVFEQWdlQU1CWUdBMVVkSlFFQi93UU0KTUFvR0NDc0dBUVVGQndNQ01BMEdDU3FHU0liM0RRRUJCUVVBQTRJQkFRQ2sxRWtKSFZwWXNHMmQ5TEFQeG9sUApHd0tNeGIvcUJDbjdUblJMdzZUUnVhaHVtTDRPRmpRS2xDQlN2ZE1jQXZudVZWRFkvSjBTQW04bGNFZDRwVUY1CjNIUnArZzkyNlZyNDIvcGJvaWJ5ZExveTdld1ZZU29NY1czbUZjSzk4dFdNTUw4S0ZnR0Y0a2IvODBaTVFoMnQKSGhCZTduYngxRnJmalV0QjByVXdoc0RNb3A4UHhndm1lMlRDU0JjVnJFS2dMdHBtdEx4TWM0N3Q5aFJVeUYvQQovOWk5bnVaTFdxSUtFQWJqVmh0NlVMaWZ1WWJEaS9iVUFScG13UngyTDVNdkN2ZDNBc3JPTTBaeVdqUU1qUEU2Cnl1RmJiQ08yRHk5NHpKYUxnWndPYSs5NWZQeEpLOEZ5Ris5ZG5ESlErOXhnTTZmNFVZMzdCTmNDY0FueWhRazAKLS0tLS1FTkQgQ0VSVElGSUNBVEUtLS0tLQo=",
            "public_key_data": null,
            "public_key_type": "TYPE_X509_PEM_FILE",
            "service_account_id": "projects/iot-platform-333007/serviceAccounts/kubernetes-demo@iot-platform-333007.iam.gserviceaccount.com",
            "valid_after": "2023-07-05T04:55:20Z",
            "valid_before": "9999-12-31T23:59:59Z"
          },
          "sensitive_attributes": [],
          "private": "bnVsbA==",
          "dependencies": [
            "google_service_account.kubernetes"
          ]
        }
      ]
    },
    {
      "mode": "managed",
      "type": "kubernetes_cluster_role",
      "name": "kube_state_metrics",
      "provider": "provider[\"registry.terraform.io/hashicorp/kubernetes\"]",
      "instances": [
        {
          "index_key": 0,
          "schema_version": 0,
          "attributes": {
            "aggregation_rule": [],
            "id": "kube-state-metrics",
            "metadata": [
              {
                "annotations": {},
                "generate_name": "",
                "generation": 0,
                "labels": {
                  "app.kubernetes.io/component": "exporter",
                  "app.kubernetes.io/name": "kube-state-metrics",
                  "app.kubernetes.io/version": "2.3.0"
                },
                "name": "kube-state-metrics",
                "resource_version": "41500",
                "uid": "da94e6d0-d8cf-4792-a709-23daf706481b"
              }
            ],
            "rule": [
              {
                "api_groups": [
                  ""
                ],
                "non_resource_urls": [],
                "resource_names": [],
                "resources": [
                  "configmaps",
                  "secrets",
                  "nodes",
                  "pods",
                  "services",
                  "resourcequotas",
                  "replicationcontrollers",
                  "limitranges",
                  "persistentvolumeclaims",
                  "persistentvolumes",
                  "namespaces",
                  "endpoints"
                ],
                "verbs": [
                  "list",
                  "watch"
                ]
              },
              {
                "api_groups": [
                  "apps"
                ],
                "non_resource_urls": [],
                "resource_names": [],
                "resources": [
                  "statefulsets",
                  "daemonsets",
                  "deployments",
                  "replicasets"
                ],
                "verbs": [
                  "list",
                  "watch"
                ]
              },
              {
                "api_groups": [
                  "batch"
                ],
                "non_resource_urls": [],
                "resource_names": [],
                "resources": [
                  "cronjobs",
                  "jobs"
                ],
                "verbs": [
                  "list",
                  "watch"
                ]
              },
              {
                "api_groups": [
                  "autoscaling"
                ],
                "non_resource_urls": [],
                "resource_names": [],
                "resources": [
                  "horizontalpodautoscalers"
                ],
                "verbs": [
                  "list",
                  "watch"
                ]
              },
              {
                "api_groups": [
                  "authentication.k8s.io"
                ],
                "non_resource_urls": [],
                "resource_names": [],
                "resources": [
                  "tokenreviews"
                ],
                "verbs": [
                  "create"
                ]
              },
              {
                "api_groups": [
                  "authorization.k8s.io"
                ],
                "non_resource_urls": [],
                "resource_names": [],
                "resources": [
                  "subjectaccessreviews"
                ],
                "verbs": [
                  "create"
                ]
              },
              {
                "api_groups": [
                  "policy"
                ],
                "non_resource_urls": [],
                "resource_names": [],
                "resources": [
                  "poddisruptionbudgets"
                ],
                "verbs": [
                  "list",
                  "watch"
                ]
              },
              {
                "api_groups": [
                  "certificates.k8s.io"
                ],
                "non_resource_urls": [],
                "resource_names": [],
                "resources": [
                  "certificatesigningrequests"
                ],
                "verbs": [
                  "list",
                  "watch"
                ]
              },
              {
                "api_groups": [
                  "storage.k8s.io"
                ],
                "non_resource_urls": [],
                "resource_names": [],
                "resources": [
                  "storageclasses",
                  "volumeattachments"
                ],
                "verbs": [
                  "list",
                  "watch"
                ]
              },
              {
                "api_groups": [
                  "admissionregistration.k8s.io"
                ],
                "non_resource_urls": [],
                "resource_names": [],
                "resources": [
                  "mutatingwebhookconfigurations",
                  "validatingwebhookconfigurations"
                ],
                "verbs": [
                  "list",
                  "watch"
                ]
              },
              {
                "api_groups": [
                  "networking.k8s.io"
                ],
                "non_resource_urls": [],
                "resource_names": [],
                "resources": [
                  "networkpolicies",
                  "ingresses"
                ],
                "verbs": [
                  "list",
                  "watch"
                ]
              },
              {
                "api_groups": [
                  "coordination.k8s.io"
                ],
                "non_resource_urls": [],
                "resource_names": [],
                "resources": [
                  "leases"
                ],
                "verbs": [
                  "list",
                  "watch"
                ]
              }
            ]
          },
          "sensitive_attributes": [],
          "private": "bnVsbA=="
        }
      ]
    },
    {
      "mode": "managed",
      "type": "kubernetes_cluster_role",
      "name": "prometheus",
      "provider": "provider[\"registry.terraform.io/hashicorp/kubernetes\"]",
      "instances": [
        {
          "index_key": 0,
          "schema_version": 0,
          "attributes": {
            "aggregation_rule": [],
            "id": "prometheus",
            "metadata": [
              {
                "annotations": {},
                "generate_name": "",
                "generation": 0,
                "labels": {},
                "name": "prometheus",
                "resource_version": "38908",
                "uid": "0cb27e28-954f-47fb-823e-ab2287787726"
              }
            ],
            "rule": [
              {
                "api_groups": [
                  ""
                ],
                "non_resource_urls": [],
                "resource_names": [],
                "resources": [
                  "nodes",
                  "nodes/proxy",
                  "services",
                  "endpoints",
                  "pods"
                ],
                "verbs": [
                  "get",
                  "list",
                  "watch"
                ]
              },
              {
                "api_groups": [
                  "extensions"
                ],
                "non_resource_urls": [],
                "resource_names": [],
                "resources": [
                  "ingresses"
                ],
                "verbs": [
                  "get",
                  "list",
                  "watch"
                ]
              },
              {
                "api_groups": [],
                "non_resource_urls": [
                  "/metrics"
                ],
                "resource_names": [],
                "resources": [],
                "verbs": [
                  "get"
                ]
              }
            ]
          },
          "sensitive_attributes": [],
          "private": "bnVsbA=="
        }
      ]
    },
    {
      "mode": "managed",
      "type": "kubernetes_cluster_role_binding",
      "name": "kube_state_metrics",
      "provider": "provider[\"registry.terraform.io/hashicorp/kubernetes\"]",
      "instances": [
        {
          "index_key": 0,
          "schema_version": 0,
          "attributes": {
            "id": "kube-state-metrics",
            "metadata": [
              {
                "annotations": {},
                "generate_name": "",
                "generation": 0,
                "labels": {
                  "app.kubernetes.io/component": "exporter",
                  "app.kubernetes.io/name": "kube-state-metrics",
                  "app.kubernetes.io/version": "2.3.0"
                },
                "name": "kube-state-metrics",
                "resource_version": "41474",
                "uid": "3dc2de99-1abb-486b-9b5d-5ea4de92fcc1"
              }
            ],
            "role_ref": [
              {
                "api_group": "rbac.authorization.k8s.io",
                "kind": "ClusterRole",
                "name": "kube-state-metrics"
              }
            ],
            "subject": [
              {
                "api_group": "",
                "kind": "ServiceAccount",
                "name": "kube-state-metrics",
                "namespace": "kube-system"
              }
            ]
          },
          "sensitive_attributes": [],
          "private": "bnVsbA=="
        }
      ]
    },
    {
      "mode": "managed",
      "type": "kubernetes_cluster_role_binding",
      "name": "prometheus",
      "provider": "provider[\"registry.terraform.io/hashicorp/kubernetes\"]",
      "instances": [
        {
          "index_key": 0,
          "schema_version": 0,
          "attributes": {
            "id": "prometheus",
            "metadata": [
              {
                "annotations": {},
                "generate_name": "",
                "generation": 0,
                "labels": {},
                "name": "prometheus",
                "resource_version": "41522",
                "uid": "abefb725-915e-4738-aa0d-745aa2a5ba3d"
              }
            ],
            "role_ref": [
              {
                "api_group": "rbac.authorization.k8s.io",
                "kind": "ClusterRole",
                "name": "prometheus"
              }
            ],
            "subject": [
              {
                "api_group": "",
                "kind": "ServiceAccount",
                "name": "default",
                "namespace": "monitoring"
              }
            ]
          },
          "sensitive_attributes": [],
          "private": "bnVsbA==",
          "dependencies": [
            "kubernetes_namespace.monitoring"
          ]
        }
      ]
    },
    {
      "mode": "managed",
      "type": "kubernetes_config_map",
      "name": "alertmanager_config",
      "provider": "provider[\"registry.terraform.io/hashicorp/kubernetes\"]",
      "instances": [
        {
          "index_key": 0,
          "schema_version": 0,
          "attributes": {
            "binary_data": {},
            "data": {
              "config.yml": "global:\ntemplates:\n- '/etc/alertmanager/*.tmpl'\nroute:\n  receiver: alert-emailer\n  group_by: ['alertname', 'priority']\n  group_wait: 10s\n  repeat_interval: 30m\n\nreceivers:\n- name: alert-emailer\n  email_configs:\n    - to: 'quangbui010975@gmail.com'\n      from: 'qaker1035@gmail.com'\n      smarthost: 'smtp.gmail.com:465'\n      auth_username: 'qaker1035@gmail.com'\n      auth_identity: 'qaker1035@gmail.com'\n      auth_password: 'vmsokcociqazwgxs'\n      require_tls: false"
            },
            "id": "monitoring/alertmanager-config",
            "immutable": false,
            "metadata": [
              {
                "annotations": {},
                "generate_name": "",
                "generation": 0,
                "labels": {},
                "name": "alertmanager-config",
                "namespace": "monitoring",
                "resource_version": "41511",
                "uid": "19fa2754-2039-4630-9142-b6d5cd1b3313"
              }
            ]
          },
          "sensitive_attributes": [],
          "private": "bnVsbA==",
          "dependencies": [
            "kubernetes_namespace.monitoring"
          ]
        }
      ]
    },
    {
      "mode": "managed",
      "type": "kubernetes_config_map",
      "name": "alertmanager_templates",
      "provider": "provider[\"registry.terraform.io/hashicorp/kubernetes\"]",
      "instances": [
        {
          "schema_version": 0,
          "attributes": {
            "binary_data": {},
            "data": {
              "default.tmpl": "{{ define \"__alertmanager\" }}AlertManager{{ end }}\n{{ define \"__alertmanagerURL\" }}{{ .ExternalURL }}/#/alerts?receiver={{ .Receiver }}{{ end }}\n{{ define \"__subject\" }}[{{ .Status | toUpper }}{{ if eq .Status \"firing\" }}:{{ .Alerts.Firing | len }}{{ end }}] {{ .GroupLabels.SortedPairs.Values | join \" \" }} {{ if gt (len .CommonLabels) (len .GroupLabels) }}({{ with .CommonLabels.Remove .GroupLabels.Names }}{{ .Values | join \" \" }}{{ end }}){{ end }}{{ end }}\n{{ define \"__description\" }}{{ end }}\n{{ define \"__text_alert_list\" }}{{ range . }}Labels:\n{{ range .Labels.SortedPairs }} - {{ .Name }} = {{ .Value }}\n{{ end }}Annotations:\n{{ range .Annotations.SortedPairs }} - {{ .Name }} = {{ .Value }}\n{{ end }}Source: {{ .GeneratorURL }}\n{{ end }}{{ end }}\n{{ define \"slack.default.title\" }}{{ template \"__subject\" . }}{{ end }}\n{{ define \"slack.default.username\" }}{{ template \"__alertmanager\" . }}{{ end }}\n{{ define \"slack.default.fallback\" }}{{ template \"slack.default.title\" . }} | {{ template \"slack.default.titlelink\" . }}{{ end }}\n{{ define \"slack.default.pretext\" }}{{ end }}\n{{ define \"slack.default.titlelink\" }}{{ template \"__alertmanagerURL\" . }}{{ end }}\n{{ define \"slack.default.iconemoji\" }}{{ end }}\n{{ define \"slack.default.iconurl\" }}{{ end }}\n{{ define \"slack.default.text\" }}{{ end }}\n{{ define \"hipchat.default.from\" }}{{ template \"__alertmanager\" . }}{{ end }}\n{{ define \"hipchat.default.message\" }}{{ template \"__subject\" . }}{{ end }}\n{{ define \"pagerduty.default.description\" }}{{ template \"__subject\" . }}{{ end }}\n{{ define \"pagerduty.default.client\" }}{{ template \"__alertmanager\" . }}{{ end }}\n{{ define \"pagerduty.default.clientURL\" }}{{ template \"__alertmanagerURL\" . }}{{ end }}\n{{ define \"pagerduty.default.instances\" }}{{ template \"__text_alert_list\" . }}{{ end }}\n{{ define \"opsgenie.default.message\" }}{{ template \"__subject\" . }}{{ end }}\n{{ define \"opsgenie.default.description\" }}{{ .CommonAnnotations.SortedPairs.Values | join \" \" }}\n{{ if gt (len .Alerts.Firing) 0 -}}\nAlerts Firing:\n{{ template \"__text_alert_list\" .Alerts.Firing }}\n{{- end }}\n{{ if gt (len .Alerts.Resolved) 0 -}}\nAlerts Resolved:\n{{ template \"__text_alert_list\" .Alerts.Resolved }}\n{{- end }}\n{{- end }}\n{{ define \"opsgenie.default.source\" }}{{ template \"__alertmanagerURL\" . }}{{ end }}\n{{ define \"victorops.default.message\" }}{{ template \"__subject\" . }} | {{ template \"__alertmanagerURL\" . }}{{ end }}\n{{ define \"victorops.default.from\" }}{{ template \"__alertmanager\" . }}{{ end }}\n{{ define \"email.default.subject\" }}{{ template \"__subject\" . }}{{ end }}\n{{ define \"email.default.html\" }}\n\u003c!DOCTYPE html PUBLIC \"-//W3C//DTD XHTML 1.0 Transitional//EN\" \"http://www.w3.org/TR/xhtml1/DTD/xhtml1-transitional.dtd\"\u003e\n\u003c!--\nStyle and HTML derived from https://github.com/mailgun/transactional-email-templates\nThe MIT License (MIT)\nCopyright (c) 2014 Mailgun\nPermission is hereby granted, free of charge, to any person obtaining a copy\nof this software and associated documentation files (the \"Software\"), to deal\nin the Software without restriction, including without limitation the rights\nto use, copy, modify, merge, publish, distribute, sublicense, and/or sell\ncopies of the Software, and to permit persons to whom the Software is\nfurnished to do so, subject to the following conditions:\nThe above copyright notice and this permission notice shall be included in all\ncopies or substantial portions of the Software.\nTHE SOFTWARE IS PROVIDED \"AS IS\", WITHOUT WARRANTY OF ANY KIND, EXPRESS OR\nIMPLIED, INCLUDING BUT NOT LIMITED TO THE WARRANTIES OF MERCHANTABILITY,\nFITNESS FOR A PARTICULAR PURPOSE AND NONINFRINGEMENT. IN NO EVENT SHALL THE\nAUTHORS OR COPYRIGHT HOLDERS BE LIABLE FOR ANY CLAIM, DAMAGES OR OTHER\nLIABILITY, WHETHER IN AN ACTION OF CONTRACT, TORT OR OTHERWISE, ARISING FROM,\nOUT OF OR IN CONNECTION WITH THE SOFTWARE OR THE USE OR OTHER DEALINGS IN THE\nSOFTWARE.\n--\u003e\n\u003chtml xmlns=\"http://www.w3.org/1999/xhtml\" xmlns=\"http://www.w3.org/1999/xhtml\" style=\"font-family: 'Helvetica Neue', Helvetica, Arial, sans-serif; box-sizing: border-box; font-size: 14px; margin: 0;\"\u003e\n\u003chead style=\"font-family: 'Helvetica Neue', Helvetica, Arial, sans-serif; box-sizing: border-box; font-size: 14px; margin: 0;\"\u003e\n\u003cmeta name=\"viewport\" content=\"width=device-width\" style=\"font-family: 'Helvetica Neue', Helvetica, Arial, sans-serif; box-sizing: border-box; font-size: 14px; margin: 0;\" /\u003e\n\u003cmeta http-equiv=\"Content-Type\" content=\"text/html; charset=UTF-8\" style=\"font-family: 'Helvetica Neue', Helvetica, Arial, sans-serif; box-sizing: border-box; font-size: 14px; margin: 0;\" /\u003e\n\u003ctitle style=\"font-family: 'Helvetica Neue', Helvetica, Arial, sans-serif; box-sizing: border-box; font-size: 14px; margin: 0;\"\u003e{{ template \"__subject\" . }}\u003c/title\u003e\n\u003c/head\u003e\n\u003cbody itemscope=\"\" itemtype=\"http://schema.org/EmailMessage\" style=\"font-family: 'Helvetica Neue', Helvetica, Arial, sans-serif; box-sizing: border-box; font-size: 14px; -webkit-font-smoothing: antialiased; -webkit-text-size-adjust: none; height: 100%; line-height: 1.6em; width: 100% !important; background-color: #f6f6f6; margin: 0; padding: 0;\" bgcolor=\"#f6f6f6\"\u003e\n\u003ctable style=\"font-family: 'Helvetica Neue', Helvetica, Arial, sans-serif; box-sizing: border-box; font-size: 14px; width: 100%; background-color: #f6f6f6; margin: 0;\" bgcolor=\"#f6f6f6\"\u003e\n  \u003ctr style=\"font-family: 'Helvetica Neue', Helvetica, Arial, sans-serif; box-sizing: border-box; font-size: 14px; margin: 0;\"\u003e\n    \u003ctd style=\"font-family: 'Helvetica Neue', Helvetica, Arial, sans-serif; box-sizing: border-box; font-size: 14px; vertical-align: top; margin: 0;\" valign=\"top\"\u003e\u003c/td\u003e\n    \u003ctd width=\"600\" style=\"font-family: 'Helvetica Neue', Helvetica, Arial, sans-serif; box-sizing: border-box; font-size: 14px; vertical-align: top; display: block !important; max-width: 600px !important; clear: both !important; width: 100% !important; margin: 0 auto; padding: 0;\" valign=\"top\"\u003e\n      \u003cdiv style=\"font-family: 'Helvetica Neue', Helvetica, Arial, sans-serif; box-sizing: border-box; font-size: 14px; max-width: 600px; display: block; margin: 0 auto; padding: 0;\"\u003e\n        \u003ctable width=\"100%\" cellpadding=\"0\" cellspacing=\"0\" style=\"font-family: 'Helvetica Neue', Helvetica, Arial, sans-serif; box-sizing: border-box; font-size: 14px; border-radius: 3px; background-color: #fff; margin: 0; border: 1px solid #e9e9e9;\" bgcolor=\"#fff\"\u003e\n          \u003ctr style=\"font-family: 'Helvetica Neue', Helvetica, Arial, sans-serif; box-sizing: border-box; font-size: 14px; margin: 0;\"\u003e\n            \u003ctd style=\"font-family: 'Helvetica Neue', Helvetica, Arial, sans-serif; box-sizing: border-box; font-size: 16px; vertical-align: top; color: #fff; font-weight: 500; text-align: center; border-radius: 3px 3px 0 0; background-color: #E6522C; margin: 0; padding: 20px;\" align=\"center\" bgcolor=\"#E6522C\" valign=\"top\"\u003e\n              {{ .Alerts | len }} alert{{ if gt (len .Alerts) 1 }}s{{ end }} for {{ range .GroupLabels.SortedPairs }}\n                {{ .Name }}={{ .Value }}\n              {{ end }}\n            \u003c/td\u003e\n          \u003c/tr\u003e\n          \u003ctr style=\"font-family: 'Helvetica Neue', Helvetica, Arial, sans-serif; box-sizing: border-box; font-size: 14px; margin: 0;\"\u003e\n            \u003ctd style=\"font-family: 'Helvetica Neue', Helvetica, Arial, sans-serif; box-sizing: border-box; font-size: 14px; vertical-align: top; margin: 0; padding: 10px;\" valign=\"top\"\u003e\n              \u003ctable width=\"100%\" cellpadding=\"0\" cellspacing=\"0\" style=\"font-family: 'Helvetica Neue', Helvetica, Arial, sans-serif; box-sizing: border-box; font-size: 14px; margin: 0;\"\u003e\n                \u003ctr style=\"font-family: 'Helvetica Neue', Helvetica, Arial, sans-serif; box-sizing: border-box; font-size: 14px; margin: 0;\"\u003e\n                  \u003ctd style=\"font-family: 'Helvetica Neue', Helvetica, Arial, sans-serif; box-sizing: border-box; font-size: 14px; vertical-align: top; margin: 0; padding: 0 0 20px;\" valign=\"top\"\u003e\n                    \u003ca href=\"{{ template \"__alertmanagerURL\" . }}\" style=\"font-family: 'Helvetica Neue', Helvetica, Arial, sans-serif; box-sizing: border-box; font-size: 14px; color: #FFF; text-decoration: none; line-height: 2em; font-weight: bold; text-align: center; cursor: pointer; display: inline-block; border-radius: 5px; text-transform: capitalize; background-color: #348eda; margin: 0; border-color: #348eda; border-style: solid; border-width: 10px 20px;\"\u003eView in {{ template \"__alertmanager\" . }}\u003c/a\u003e\n                  \u003c/td\u003e\n                \u003c/tr\u003e\n                {{ if gt (len .Alerts.Firing) 0 }}\n                \u003ctr style=\"font-family: 'Helvetica Neue', Helvetica, Arial, sans-serif; box-sizing: border-box; font-size: 14px; margin: 0;\"\u003e\n                  \u003ctd style=\"font-family: 'Helvetica Neue', Helvetica, Arial, sans-serif; box-sizing: border-box; font-size: 14px; vertical-align: top; margin: 0; padding: 0 0 20px;\" valign=\"top\"\u003e\n                    \u003cstrong style=\"font-family: 'Helvetica Neue', Helvetica, Arial, sans-serif; box-sizing: border-box; font-size: 14px; margin: 0;\"\u003e[{{ .Alerts.Firing | len }}] Firing\u003c/strong\u003e\n                  \u003c/td\u003e\n                \u003c/tr\u003e\n                {{ end }}\n                {{ range .Alerts.Firing }}\n                \u003ctr style=\"font-family: 'Helvetica Neue', Helvetica, Arial, sans-serif; box-sizing: border-box; font-size: 14px; margin: 0;\"\u003e\n                  \u003ctd style=\"font-family: 'Helvetica Neue', Helvetica, Arial, sans-serif; box-sizing: border-box; font-size: 14px; vertical-align: top; margin: 0; padding: 0 0 20px;\" valign=\"top\"\u003e\n                    \u003cstrong style=\"font-family: 'Helvetica Neue', Helvetica, Arial, sans-serif; box-sizing: border-box; font-size: 14px; margin: 0;\"\u003eLabels\u003c/strong\u003e\u003cbr style=\"font-family: 'Helvetica Neue', Helvetica, Arial, sans-serif; box-sizing: border-box; font-size: 14px; margin: 0;\" /\u003e\n                    {{ range .Labels.SortedPairs }}{{ .Name }} = {{ .Value }}\u003cbr style=\"font-family: 'Helvetica Neue', Helvetica, Arial, sans-serif; box-sizing: border-box; font-size: 14px; margin: 0;\" /\u003e{{ end }}\n                    {{ if gt (len .Annotations) 0 }}\u003cstrong style=\"font-family: 'Helvetica Neue', Helvetica, Arial, sans-serif; box-sizing: border-box; font-size: 14px; margin: 0;\"\u003eAnnotations\u003c/strong\u003e\u003cbr style=\"font-family: 'Helvetica Neue', Helvetica, Arial, sans-serif; box-sizing: border-box; font-size: 14px; margin: 0;\" /\u003e{{ end }}\n                    {{ range .Annotations.SortedPairs }}{{ .Name }} = {{ .Value }}\u003cbr style=\"font-family: 'Helvetica Neue', Helvetica, Arial, sans-serif; box-sizing: border-box; font-size: 14px; margin: 0;\" /\u003e{{ end }}\n                    \u003ca href=\"{{ .GeneratorURL }}\" style=\"font-family: 'Helvetica Neue', Helvetica, Arial, sans-serif; box-sizing: border-box; font-size: 14px; color: #348eda; text-decoration: underline; margin: 0;\"\u003eSource\u003c/a\u003e\u003cbr style=\"font-family: 'Helvetica Neue', Helvetica, Arial, sans-serif; box-sizing: border-box; font-size: 14px; margin: 0;\" /\u003e\n                  \u003c/td\u003e\n                \u003c/tr\u003e\n                {{ end }}\n                {{ if gt (len .Alerts.Resolved) 0 }}\n                  {{ if gt (len .Alerts.Firing) 0 }}\n                \u003ctr style=\"font-family: 'Helvetica Neue', Helvetica, Arial, sans-serif; box-sizing: border-box; font-size: 14px; margin: 0;\"\u003e\n                  \u003ctd style=\"font-family: 'Helvetica Neue', Helvetica, Arial, sans-serif; box-sizing: border-box; font-size: 14px; vertical-align: top; margin: 0; padding: 0 0 20px;\" valign=\"top\"\u003e\n                    \u003cbr style=\"font-family: 'Helvetica Neue', Helvetica, Arial, sans-serif; box-sizing: border-box; font-size: 14px; margin: 0;\" /\u003e\n                    \u003chr style=\"font-family: 'Helvetica Neue', Helvetica, Arial, sans-serif; box-sizing: border-box; font-size: 14px; margin: 0;\" /\u003e\n                    \u003cbr style=\"font-family: 'Helvetica Neue', Helvetica, Arial, sans-serif; box-sizing: border-box; font-size: 14px; margin: 0;\" /\u003e\n                  \u003c/td\u003e\n                \u003c/tr\u003e\n                  {{ end }}\n                \u003ctr style=\"font-family: 'Helvetica Neue', Helvetica, Arial, sans-serif; box-sizing: border-box; font-size: 14px; margin: 0;\"\u003e\n                  \u003ctd style=\"font-family: 'Helvetica Neue', Helvetica, Arial, sans-serif; box-sizing: border-box; font-size: 14px; vertical-align: top; margin: 0; padding: 0 0 20px;\" valign=\"top\"\u003e\n                    \u003cstrong style=\"font-family: 'Helvetica Neue', Helvetica, Arial, sans-serif; box-sizing: border-box; font-size: 14px; margin: 0;\"\u003e[{{ .Alerts.Resolved | len }}] Resolved\u003c/strong\u003e\n                  \u003c/td\u003e\n                \u003c/tr\u003e\n                {{ end }}\n                {{ range .Alerts.Resolved }}\n                \u003ctr style=\"font-family: 'Helvetica Neue', Helvetica, Arial, sans-serif; box-sizing: border-box; font-size: 14px; margin: 0;\"\u003e\n                  \u003ctd style=\"font-family: 'Helvetica Neue', Helvetica, Arial, sans-serif; box-sizing: border-box; font-size: 14px; vertical-align: top; margin: 0; padding: 0 0 20px;\" valign=\"top\"\u003e\n                    \u003cstrong style=\"font-family: 'Helvetica Neue', Helvetica, Arial, sans-serif; box-sizing: border-box; font-size: 14px; margin: 0;\"\u003eLabels\u003c/strong\u003e\u003cbr style=\"font-family: 'Helvetica Neue', Helvetica, Arial, sans-serif; box-sizing: border-box; font-size: 14px; margin: 0;\" /\u003e\n                    {{ range .Labels.SortedPairs }}{{ .Name }} = {{ .Value }}\u003cbr style=\"font-family: 'Helvetica Neue', Helvetica, Arial, sans-serif; box-sizing: border-box; font-size: 14px; margin: 0;\" /\u003e{{ end }}\n                    {{ if gt (len .Annotations) 0 }}\u003cstrong style=\"font-family: 'Helvetica Neue', Helvetica, Arial, sans-serif; box-sizing: border-box; font-size: 14px; margin: 0;\"\u003eAnnotations\u003c/strong\u003e\u003cbr style=\"font-family: 'Helvetica Neue', Helvetica, Arial, sans-serif; box-sizing: border-box; font-size: 14px; margin: 0;\" /\u003e{{ end }}\n                    {{ range .Annotations.SortedPairs }}{{ .Name }} = {{ .Value }}\u003cbr style=\"font-family: 'Helvetica Neue', Helvetica, Arial, sans-serif; box-sizing: border-box; font-size: 14px; margin: 0;\" /\u003e{{ end }}\n                    \u003ca href=\"{{ .GeneratorURL }}\" style=\"font-family: 'Helvetica Neue', Helvetica, Arial, sans-serif; box-sizing: border-box; font-size: 14px; color: #348eda; text-decoration: underline; margin: 0;\"\u003eSource\u003c/a\u003e\u003cbr style=\"font-family: 'Helvetica Neue', Helvetica, Arial, sans-serif; box-sizing: border-box; font-size: 14px; margin: 0;\" /\u003e\n                  \u003c/td\u003e\n                \u003c/tr\u003e\n                {{ end }}\n              \u003c/table\u003e\n            \u003c/td\u003e\n          \u003c/tr\u003e\n        \u003c/table\u003e\n        \u003cdiv style=\"font-family: 'Helvetica Neue', Helvetica, Arial, sans-serif; box-sizing: border-box; font-size: 14px; width: 100%; clear: both; color: #999; margin: 0; padding: 20px;\"\u003e\n          \u003ctable width=\"100%\" style=\"font-family: 'Helvetica Neue', Helvetica, Arial, sans-serif; box-sizing: border-box; font-size: 14px; margin: 0;\"\u003e\n            \u003ctr style=\"font-family: 'Helvetica Neue', Helvetica, Arial, sans-serif; box-sizing: border-box; font-size: 14px; margin: 0;\"\u003e\n              \u003ctd style=\"font-family: 'Helvetica Neue', Helvetica, Arial, sans-serif; box-sizing: border-box; font-size: 12px; vertical-align: top; text-align: center; color: #999; margin: 0; padding: 0 0 20px;\" align=\"center\" valign=\"top\"\u003e\u003ca href=\"{{ .ExternalURL }}\" style=\"font-family: 'Helvetica Neue', Helvetica, Arial, sans-serif; box-sizing: border-box; font-size: 12px; color: #999; text-decoration: underline; margin: 0;\"\u003eSent by {{ template \"__alertmanager\" . }}\u003c/a\u003e\u003c/td\u003e\n            \u003c/tr\u003e\n          \u003c/table\u003e\n        \u003c/div\u003e\u003c/div\u003e\n    \u003c/td\u003e\n    \u003ctd style=\"font-family: 'Helvetica Neue', Helvetica, Arial, sans-serif; box-sizing: border-box; font-size: 14px; vertical-align: top; margin: 0;\" valign=\"top\"\u003e\u003c/td\u003e\n  \u003c/tr\u003e\n\u003c/table\u003e\n\u003c/body\u003e\n\u003c/html\u003e\n{{ end }}\n{{ define \"pushover.default.title\" }}{{ template \"__subject\" . }}{{ end }}\n{{ define \"pushover.default.message\" }}{{ .CommonAnnotations.SortedPairs.Values | join \" \" }}\n{{ if gt (len .Alerts.Firing) 0 }}\nAlerts Firing:\n{{ template \"__text_alert_list\" .Alerts.Firing }}\n{{ end }}\n{{ if gt (len .Alerts.Resolved) 0 }}\nAlerts Resolved:\n{{ template \"__text_alert_list\" .Alerts.Resolved }}\n{{ end }}\n{{ end }}\n{{ define \"pushover.default.url\" }}{{ template \"__alertmanagerURL\" . }}{{ end }}\n",
              "slack.tmpl": "{{ define \"slack.devops.text\" }}\n{{range .Alerts}}{{.Annotations.DESCRIPTION}}\n{{end}}\n{{ end }}\n"
            },
            "id": "monitoring/alertmanager-templates",
            "immutable": false,
            "metadata": [
              {
                "annotations": {},
                "generate_name": "",
                "generation": 0,
                "labels": {},
                "name": "alertmanager-templates",
                "namespace": "monitoring",
                "resource_version": "54432",
                "uid": "32c26abd-68b0-47ce-8c6c-01a002199c46"
              }
            ]
          },
          "sensitive_attributes": [],
          "private": "bnVsbA=="
        }
      ]
    },
    {
      "mode": "managed",
      "type": "kubernetes_config_map",
      "name": "application_config",
      "provider": "provider[\"registry.terraform.io/hashicorp/kubernetes\"]",
      "instances": [
        {
          "schema_version": 0,
          "attributes": {
            "binary_data": {},
            "data": {
              "application.yml": "configserver:\n  name:  JHipster Registry\n  status: Connected to the JHipster Registry running in Kubernetes\neureka:\n  client:\n    service-url:\n      # This must contain a list of all Eureka server replicas for registry HA to work correctly\n      defaultZone: http://admin:${jhipster.registry.password}@jhipster-registry-0.jhipster-registry.iot.svc.cluster.local:8761/eureka/,http://admin:${jhipster.registry.password}@jhipster-registry-1.jhipster-registry.default.svc.cluster.local:8761/eureka/\njhipster:\n  security:\n    authentication:\n      jwt:\n        secret: fb484971f0b079f5769a89374af15e951d0398cc"
            },
            "id": "iot/application-config",
            "immutable": false,
            "metadata": [
              {
                "annotations": {},
                "generate_name": "",
                "generation": 0,
                "labels": {},
                "name": "application-config",
                "namespace": "iot",
                "resource_version": "86720",
                "uid": "41960e64-1cd6-43ca-af9d-177fe524fd0b"
              }
            ]
          },
          "sensitive_attributes": [],
          "private": "bnVsbA==",
          "dependencies": [
            "kubernetes_namespace.iot"
          ]
        }
      ]
    },
    {
      "mode": "managed",
      "type": "kubernetes_config_map",
      "name": "grafana_datasources",
      "provider": "provider[\"registry.terraform.io/hashicorp/kubernetes\"]",
      "instances": [
        {
          "index_key": 0,
          "schema_version": 0,
          "attributes": {
            "binary_data": {},
            "data": {
              "prometheus.yaml": "{\n    \"apiVersion\": 1,\n    \"datasources\": [\n        {\n           \"access\":\"proxy\",\n            \"editable\": true,\n            \"name\": \"prometheus\",\n            \"orgId\": 1,\n            \"type\": \"prometheus\",\n            \"url\": \"http://prometheus-service.monitoring.svc:8080\",\n            \"version\": 1\n        }\n    ]\n}"
            },
            "id": "monitoring/grafana-datasources",
            "immutable": false,
            "metadata": [
              {
                "annotations": {},
                "generate_name": "",
                "generation": 0,
                "labels": {},
                "name": "grafana-datasources",
                "namespace": "monitoring",
                "resource_version": "41510",
                "uid": "6b6b9f0f-9876-4bbe-aba4-f8c9e30114f2"
              }
            ]
          },
          "sensitive_attributes": [],
          "private": "bnVsbA==",
          "dependencies": [
            "kubernetes_namespace.monitoring"
          ]
        }
      ]
    },
    {
      "mode": "managed",
      "type": "kubernetes_config_map",
      "name": "prometheus_server_conf",
      "provider": "provider[\"registry.terraform.io/hashicorp/kubernetes\"]",
      "instances": [
        {
          "schema_version": 0,
          "attributes": {
            "binary_data": {},
            "data": {
              "prometheus.rules": "groups:\n- name: target\n  rules: \n  - alert: monitor service down\n    expr: up == 0\n    for: 30s\n    labels: \n      severity: critical\n    annotations:\n      summary: \"Monitor service non-operational\"\n      description: \"Service {{ $labels.instance }} is down.\"\n- name: resource node\n  rules: \n  - alert: Node RAM Usage Hight\n    expr: ((node_memory_MemTotal_bytes - node_memory_MemAvailable_bytes) / (node_memory_MemTotal_bytes) * 100) \u003e 70\n    for: 30s\n    labels: \n      severity: critical\n    annotations:\n      summary: \"Node[instance={{ $labels.instance }}] Ram usage hight {{$value}}%\"\n      description: \"Node {{ $labels.instance }} Ram usage hight.\"",
              "prometheus.yml": "global:\n  scrape_interval: 5s\n  evaluation_interval: 5s\nrule_files:\n  - /etc/prometheus/prometheus.rules\nalerting:\n  alertmanagers:\n  - scheme: http\n    static_configs:\n    - targets:\n      - \"alertmanager.monitoring.svc:9093\"\nscrape_configs:\n  - job_name: 'mysql-server-dev'\n    static_configs:\n      - targets: ['mysql-dev.monitoring.svc.cluster.local:9104']\n  - job_name: 'gateway'\n    scrape_interval: 2s\n    metrics_path: '/management/prometheus'\n    static_configs:\n      - targets: ['gateway.iot.svc.cluster.local:8080']\n  - job_name: 'node-exporter'\n    kubernetes_sd_configs:\n      - role: endpoints\n    relabel_configs:\n    - source_labels: [__meta_kubernetes_endpoints_name]\n      regex: 'node-exporter'\n      action: keep\n  - job_name: 'kubernetes-apiservers'\n    kubernetes_sd_configs:\n    - role: endpoints\n    scheme: https\n    tls_config:\n      ca_file: /var/run/secrets/kubernetes.io/serviceaccount/ca.crt\n    bearer_token_file: /var/run/secrets/kubernetes.io/serviceaccount/token\n    relabel_configs:\n    - source_labels: [__meta_kubernetes_namespace, __meta_kubernetes_service_name, __meta_kubernetes_endpoint_port_name]\n      action: keep\n      regex: default;kubernetes;https\n  - job_name: 'kubernetes-nodes'\n    scheme: https\n    tls_config:\n      ca_file: /var/run/secrets/kubernetes.io/serviceaccount/ca.crt\n    bearer_token_file: /var/run/secrets/kubernetes.io/serviceaccount/token\n    kubernetes_sd_configs:\n    - role: node\n    relabel_configs:\n    - action: labelmap\n      regex: __meta_kubernetes_node_label_(.+)\n    - target_label: __address__\n      replacement: kubernetes.default.svc:443\n    - source_labels: [__meta_kubernetes_node_name]\n      regex: (.+)\n      target_label: __metrics_path__\n      replacement: /api/v1/nodes/${1}/proxy/metrics\n  - job_name: 'kubernetes-pods'\n    kubernetes_sd_configs:\n    - role: pod\n    relabel_configs:\n    - source_labels: [__meta_kubernetes_pod_annotation_prometheus_io_scrape]\n      action: keep\n      regex: true\n    - source_labels: [__meta_kubernetes_pod_annotation_prometheus_io_path]\n      action: replace\n      target_label: __metrics_path__\n      regex: (.+)\n    - source_labels: [__address__, __meta_kubernetes_pod_annotation_prometheus_io_port]\n      action: replace\n      regex: ([^:]+)(?::\\d+)?;(\\d+)\n      replacement: $1:$2\n      target_label: __address__\n    - action: labelmap\n      regex: __meta_kubernetes_pod_label_(.+)\n    - source_labels: [__meta_kubernetes_namespace]\n      action: replace\n      target_label: kubernetes_namespace\n    - source_labels: [__meta_kubernetes_pod_name]\n      action: replace\n      target_label: kubernetes_pod_name\n  - job_name: 'kube-state-metrics'\n    static_configs:\n      - targets: ['kube-state-metrics.kube-system.svc.cluster.local:8080']\n  - job_name: 'kubernetes-cadvisor'\n    scheme: https\n    tls_config:\n      ca_file: /var/run/secrets/kubernetes.io/serviceaccount/ca.crt\n    bearer_token_file: /var/run/secrets/kubernetes.io/serviceaccount/token\n    kubernetes_sd_configs:\n    - role: node\n    relabel_configs:\n    - action: labelmap\n      regex: __meta_kubernetes_node_label_(.+)\n    - target_label: __address__\n      replacement: kubernetes.default.svc:443\n    - source_labels: [__meta_kubernetes_node_name]\n      regex: (.+)\n      target_label: __metrics_path__\n      replacement: /api/v1/nodes/${1}/proxy/metrics/cadvisor\n  - job_name: 'kubernetes-service-endpoints'\n    kubernetes_sd_configs:\n    - role: endpoints\n    relabel_configs:\n    - source_labels: [__meta_kubernetes_service_annotation_prometheus_io_scrape]\n      action: keep\n      regex: true\n    - source_labels: [__meta_kubernetes_service_annotation_prometheus_io_scheme]\n      action: replace\n      target_label: __scheme__\n      regex: (https?)\n    - source_labels: [__meta_kubernetes_service_annotation_prometheus_io_path]\n      action: replace\n      target_label: __metrics_path__\n      regex: (.+)\n    - source_labels: [__address__, __meta_kubernetes_service_annotation_prometheus_io_port]\n      action: replace\n      target_label: __address__\n      regex: ([^:]+)(?::\\d+)?;(\\d+)\n      replacement: $1:$2\n    - action: labelmap\n      regex: __meta_kubernetes_service_label_(.+)\n    - source_labels: [__meta_kubernetes_namespace]\n      action: replace\n      target_label: kubernetes_namespace\n    - source_labels: [__meta_kubernetes_service_name]\n      action: replace\n      target_label: kubernetes_namespace"
            },
            "id": "monitoring/prometheus-server-conf",
            "immutable": false,
            "metadata": [
              {
                "annotations": {},
                "generate_name": "",
                "generation": 0,
                "labels": {
                  "name": "prometheus-server-conf"
                },
                "name": "prometheus-server-conf",
                "namespace": "monitoring",
                "resource_version": "671957",
                "uid": "8f681935-244e-42ff-ba09-231d97ec09ca"
              }
            ]
          },
          "sensitive_attributes": [],
          "private": "bnVsbA=="
        }
      ]
    },
    {
      "mode": "managed",
      "type": "kubernetes_daemonset",
      "name": "node_exporter",
      "provider": "provider[\"registry.terraform.io/hashicorp/kubernetes\"]",
      "instances": [
        {
          "index_key": 0,
          "schema_version": 1,
          "attributes": {
            "id": "monitoring/node-exporter",
            "metadata": [
              {
                "annotations": {},
                "generate_name": "",
                "generation": 1,
                "labels": {
                  "app.kubernetes.io/component": "exporter",
                  "app.kubernetes.io/name": "node-exporter"
                },
                "name": "node-exporter",
                "namespace": "monitoring",
                "resource_version": "6836324",
                "uid": "752fbf74-435d-4ea7-9c56-8ddae179ffcd"
              }
            ],
            "spec": [
              {
                "min_ready_seconds": 0,
                "revision_history_limit": 10,
                "selector": [
                  {
                    "match_expressions": [],
                    "match_labels": {
                      "app.kubernetes.io/component": "exporter",
                      "app.kubernetes.io/name": "node-exporter"
                    }
                  }
                ],
                "strategy": [
                  {
                    "rolling_update": [
                      {
                        "max_unavailable": "1"
                      }
                    ],
                    "type": "RollingUpdate"
                  }
                ],
                "template": [
                  {
                    "metadata": [
                      {
                        "annotations": {},
                        "generate_name": "",
                        "generation": 0,
                        "labels": {
                          "app.kubernetes.io/component": "exporter",
                          "app.kubernetes.io/name": "node-exporter"
                        },
                        "name": "",
                        "resource_version": "",
                        "uid": ""
                      }
                    ],
                    "spec": [
                      {
                        "active_deadline_seconds": 0,
                        "affinity": [],
                        "automount_service_account_token": true,
                        "container": [
                          {
                            "args": [
                              "--path.sysfs=/host/sys",
                              "--path.rootfs=/host/root",
                              "--no-collector.wifi",
                              "--no-collector.hwmon",
                              "--collector.filesystem.ignored-mount-points=^/(dev|proc|sys|var/lib/docker/.+|var/lib/kubelet/pods/.+)($|/)",
                              "--collector.netclass.ignored-devices=^(veth.*)$"
                            ],
                            "command": [],
                            "env": [],
                            "env_from": [],
                            "image": "prom/node-exporter",
                            "image_pull_policy": "Always",
                            "lifecycle": [],
                            "liveness_probe": [],
                            "name": "node-exporter",
                            "port": [
                              {
                                "container_port": 9100,
                                "host_ip": "",
                                "host_port": 0,
                                "name": "",
                                "protocol": "TCP"
                              }
                            ],
                            "readiness_probe": [],
                            "resources": [
                              {
                                "limits": {
                                  "cpu": "250m",
                                  "memory": "180Mi"
                                },
                                "requests": {
                                  "cpu": "102m",
                                  "memory": "180Mi"
                                }
                              }
                            ],
                            "security_context": [],
                            "startup_probe": [],
                            "stdin": false,
                            "stdin_once": false,
                            "termination_message_path": "/dev/termination-log",
                            "termination_message_policy": "File",
                            "tty": false,
                            "volume_mount": [
                              {
                                "mount_path": "/host/sys",
                                "mount_propagation": "HostToContainer",
                                "name": "sys",
                                "read_only": true,
                                "sub_path": ""
                              },
                              {
                                "mount_path": "/host/root",
                                "mount_propagation": "HostToContainer",
                                "name": "root",
                                "read_only": true,
                                "sub_path": ""
                              }
                            ],
                            "working_dir": ""
                          }
                        ],
                        "dns_config": [],
                        "dns_policy": "ClusterFirst",
                        "enable_service_links": true,
                        "host_aliases": [],
                        "host_ipc": false,
                        "host_network": false,
                        "host_pid": false,
                        "hostname": "",
                        "image_pull_secrets": [],
                        "init_container": [],
                        "node_name": "",
                        "node_selector": {},
                        "priority_class_name": "",
                        "readiness_gate": [],
                        "restart_policy": "Always",
                        "runtime_class_name": "",
                        "scheduler_name": "default-scheduler",
                        "security_context": [],
                        "service_account_name": "",
                        "share_process_namespace": false,
                        "subdomain": "",
                        "termination_grace_period_seconds": 30,
                        "toleration": [],
                        "topology_spread_constraint": [],
                        "volume": [
                          {
                            "aws_elastic_block_store": [],
                            "azure_disk": [],
                            "azure_file": [],
                            "ceph_fs": [],
                            "cinder": [],
                            "config_map": [],
                            "csi": [],
                            "downward_api": [],
                            "empty_dir": [],
                            "fc": [],
                            "flex_volume": [],
                            "flocker": [],
                            "gce_persistent_disk": [],
                            "git_repo": [],
                            "glusterfs": [],
                            "host_path": [
                              {
                                "path": "/sys",
                                "type": ""
                              }
                            ],
                            "iscsi": [],
                            "local": [],
                            "name": "sys",
                            "nfs": [],
                            "persistent_volume_claim": [],
                            "photon_persistent_disk": [],
                            "projected": [],
                            "quobyte": [],
                            "rbd": [],
                            "secret": [],
                            "vsphere_volume": []
                          },
                          {
                            "aws_elastic_block_store": [],
                            "azure_disk": [],
                            "azure_file": [],
                            "ceph_fs": [],
                            "cinder": [],
                            "config_map": [],
                            "csi": [],
                            "downward_api": [],
                            "empty_dir": [],
                            "fc": [],
                            "flex_volume": [],
                            "flocker": [],
                            "gce_persistent_disk": [],
                            "git_repo": [],
                            "glusterfs": [],
                            "host_path": [
                              {
                                "path": "/",
                                "type": ""
                              }
                            ],
                            "iscsi": [],
                            "local": [],
                            "name": "root",
                            "nfs": [],
                            "persistent_volume_claim": [],
                            "photon_persistent_disk": [],
                            "projected": [],
                            "quobyte": [],
                            "rbd": [],
                            "secret": [],
                            "vsphere_volume": []
                          }
                        ]
                      }
                    ]
                  }
                ]
              }
            ],
            "timeouts": null,
            "wait_for_rollout": true
          },
          "sensitive_attributes": [],
          "private": "eyJlMmJmYjczMC1lY2FhLTExZTYtOGY4OC0zNDM2M2JjN2M0YzAiOnsiY3JlYXRlIjo2MDAwMDAwMDAwMDAsImRlbGV0ZSI6NjAwMDAwMDAwMDAwLCJ1cGRhdGUiOjYwMDAwMDAwMDAwMH0sInNjaGVtYV92ZXJzaW9uIjoiMSJ9",
          "dependencies": [
            "kubernetes_namespace.monitoring"
          ]
        }
      ]
    },
    {
      "mode": "managed",
      "type": "kubernetes_deployment",
      "name": "alertmanager",
      "provider": "provider[\"registry.terraform.io/hashicorp/kubernetes\"]",
      "instances": [
        {
          "index_key": 0,
          "schema_version": 1,
          "attributes": {
            "id": "monitoring/alertmanager",
            "metadata": [
              {
                "annotations": {},
                "generate_name": "",
                "generation": 1,
                "labels": {},
                "name": "alertmanager",
                "namespace": "monitoring",
                "resource_version": "6834990",
                "uid": "957d3f25-0cd7-4f02-a1ae-d509d0ea904a"
              }
            ],
            "spec": [
              {
                "min_ready_seconds": 0,
                "paused": false,
                "progress_deadline_seconds": 600,
                "replicas": "1",
                "revision_history_limit": 10,
                "selector": [
                  {
                    "match_expressions": [],
                    "match_labels": {
                      "app": "alertmanager"
                    }
                  }
                ],
                "strategy": [
                  {
                    "rolling_update": [
                      {
                        "max_surge": "25%",
                        "max_unavailable": "25%"
                      }
                    ],
                    "type": "RollingUpdate"
                  }
                ],
                "template": [
                  {
                    "metadata": [
                      {
                        "annotations": {},
                        "generate_name": "",
                        "generation": 0,
                        "labels": {
                          "app": "alertmanager"
                        },
                        "name": "alertmanager",
                        "namespace": "",
                        "resource_version": "",
                        "uid": ""
                      }
                    ],
                    "spec": [
                      {
                        "active_deadline_seconds": 0,
                        "affinity": [],
                        "automount_service_account_token": true,
                        "container": [
                          {
                            "args": [
                              "--config.file=/etc/alertmanager/config.yml",
                              "--storage.path=/alertmanager"
                            ],
                            "command": [],
                            "env": [],
                            "env_from": [],
                            "image": "prom/alertmanager:v0.25.0",
                            "image_pull_policy": "IfNotPresent",
                            "lifecycle": [],
                            "liveness_probe": [],
                            "name": "alertmanager",
                            "port": [
                              {
                                "container_port": 9093,
                                "host_ip": "",
                                "host_port": 0,
                                "name": "alertmanager",
                                "protocol": "TCP"
                              }
                            ],
                            "readiness_probe": [],
                            "resources": [
                              {
                                "limits": {
                                  "cpu": "1",
                                  "memory": "1Gi"
                                },
                                "requests": {
                                  "cpu": "500m",
                                  "memory": "500M"
                                }
                              }
                            ],
                            "security_context": [],
                            "startup_probe": [],
                            "stdin": false,
                            "stdin_once": false,
                            "termination_message_path": "/dev/termination-log",
                            "termination_message_policy": "File",
                            "tty": false,
                            "volume_mount": [
                              {
                                "mount_path": "/etc/alertmanager",
                                "mount_propagation": "None",
                                "name": "config-volume",
                                "read_only": false,
                                "sub_path": ""
                              },
                              {
                                "mount_path": "/etc/alertmanager-templates",
                                "mount_propagation": "None",
                                "name": "templates-volume",
                                "read_only": false,
                                "sub_path": ""
                              },
                              {
                                "mount_path": "/alertmanager",
                                "mount_propagation": "None",
                                "name": "alertmanager",
                                "read_only": false,
                                "sub_path": ""
                              }
                            ],
                            "working_dir": ""
                          }
                        ],
                        "dns_config": [],
                        "dns_policy": "ClusterFirst",
                        "enable_service_links": true,
                        "host_aliases": [],
                        "host_ipc": false,
                        "host_network": false,
                        "host_pid": false,
                        "hostname": "",
                        "image_pull_secrets": [],
                        "init_container": [],
                        "node_name": "",
                        "node_selector": {},
                        "priority_class_name": "",
                        "readiness_gate": [],
                        "restart_policy": "Always",
                        "runtime_class_name": "",
                        "scheduler_name": "default-scheduler",
                        "security_context": [],
                        "service_account_name": "",
                        "share_process_namespace": false,
                        "subdomain": "",
                        "termination_grace_period_seconds": 30,
                        "toleration": [],
                        "topology_spread_constraint": [],
                        "volume": [
                          {
                            "aws_elastic_block_store": [],
                            "azure_disk": [],
                            "azure_file": [],
                            "ceph_fs": [],
                            "cinder": [],
                            "config_map": [
                              {
                                "default_mode": "0644",
                                "items": [],
                                "name": "alertmanager-config",
                                "optional": false
                              }
                            ],
                            "csi": [],
                            "downward_api": [],
                            "empty_dir": [],
                            "fc": [],
                            "flex_volume": [],
                            "flocker": [],
                            "gce_persistent_disk": [],
                            "git_repo": [],
                            "glusterfs": [],
                            "host_path": [],
                            "iscsi": [],
                            "local": [],
                            "name": "config-volume",
                            "nfs": [],
                            "persistent_volume_claim": [],
                            "photon_persistent_disk": [],
                            "projected": [],
                            "quobyte": [],
                            "rbd": [],
                            "secret": [],
                            "vsphere_volume": []
                          },
                          {
                            "aws_elastic_block_store": [],
                            "azure_disk": [],
                            "azure_file": [],
                            "ceph_fs": [],
                            "cinder": [],
                            "config_map": [
                              {
                                "default_mode": "0644",
                                "items": [],
                                "name": "alertmanager-templates",
                                "optional": false
                              }
                            ],
                            "csi": [],
                            "downward_api": [],
                            "empty_dir": [],
                            "fc": [],
                            "flex_volume": [],
                            "flocker": [],
                            "gce_persistent_disk": [],
                            "git_repo": [],
                            "glusterfs": [],
                            "host_path": [],
                            "iscsi": [],
                            "local": [],
                            "name": "templates-volume",
                            "nfs": [],
                            "persistent_volume_claim": [],
                            "photon_persistent_disk": [],
                            "projected": [],
                            "quobyte": [],
                            "rbd": [],
                            "secret": [],
                            "vsphere_volume": []
                          },
                          {
                            "aws_elastic_block_store": [],
                            "azure_disk": [],
                            "azure_file": [],
                            "ceph_fs": [],
                            "cinder": [],
                            "config_map": [],
                            "csi": [],
                            "downward_api": [],
                            "empty_dir": [
                              {
                                "medium": "",
                                "size_limit": ""
                              }
                            ],
                            "fc": [],
                            "flex_volume": [],
                            "flocker": [],
                            "gce_persistent_disk": [],
                            "git_repo": [],
                            "glusterfs": [],
                            "host_path": [],
                            "iscsi": [],
                            "local": [],
                            "name": "alertmanager",
                            "nfs": [],
                            "persistent_volume_claim": [],
                            "photon_persistent_disk": [],
                            "projected": [],
                            "quobyte": [],
                            "rbd": [],
                            "secret": [],
                            "vsphere_volume": []
                          }
                        ]
                      }
                    ]
                  }
                ]
              }
            ],
            "timeouts": null,
            "wait_for_rollout": true
          },
          "sensitive_attributes": [],
          "private": "eyJlMmJmYjczMC1lY2FhLTExZTYtOGY4OC0zNDM2M2JjN2M0YzAiOnsiY3JlYXRlIjo2MDAwMDAwMDAwMDAsImRlbGV0ZSI6NjAwMDAwMDAwMDAwLCJ1cGRhdGUiOjYwMDAwMDAwMDAwMH0sInNjaGVtYV92ZXJzaW9uIjoiMSJ9",
          "dependencies": [
            "kubernetes_namespace.monitoring"
          ]
        }
      ]
    },
    {
      "mode": "managed",
      "type": "kubernetes_deployment",
      "name": "grafana",
      "provider": "provider[\"registry.terraform.io/hashicorp/kubernetes\"]",
      "instances": [
        {
          "schema_version": 1,
          "attributes": {
            "id": "monitoring/grafana",
            "metadata": [
              {
                "annotations": {},
                "generate_name": "",
                "generation": 1,
                "labels": {},
                "name": "grafana",
                "namespace": "monitoring",
                "resource_version": "11947299",
                "uid": "6dfff1ca-5d7c-46ee-be9d-a4ed9bf1453e"
              }
            ],
            "spec": [
              {
                "min_ready_seconds": 0,
                "paused": false,
                "progress_deadline_seconds": 600,
                "replicas": "1",
                "revision_history_limit": 10,
                "selector": [
                  {
                    "match_expressions": [],
                    "match_labels": {
                      "app": "grafana"
                    }
                  }
                ],
                "strategy": [
                  {
                    "rolling_update": [
                      {
                        "max_surge": "25%",
                        "max_unavailable": "25%"
                      }
                    ],
                    "type": "RollingUpdate"
                  }
                ],
                "template": [
                  {
                    "metadata": [
                      {
                        "annotations": {},
                        "generate_name": "",
                        "generation": 0,
                        "labels": {
                          "app": "grafana"
                        },
                        "name": "grafana",
                        "namespace": "",
                        "resource_version": "",
                        "uid": ""
                      }
                    ],
                    "spec": [
                      {
                        "active_deadline_seconds": 0,
                        "affinity": [],
                        "automount_service_account_token": true,
                        "container": [
                          {
                            "args": [],
                            "command": [],
                            "env": [],
                            "env_from": [],
                            "image": "grafana/grafana:latest",
                            "image_pull_policy": "Always",
                            "lifecycle": [],
                            "liveness_probe": [],
                            "name": "grafana",
                            "port": [
                              {
                                "container_port": 3000,
                                "host_ip": "",
                                "host_port": 0,
                                "name": "grafana",
                                "protocol": "TCP"
                              }
                            ],
                            "readiness_probe": [],
                            "resources": [
                              {
                                "limits": {
                                  "cpu": "1",
                                  "memory": "1Gi"
                                },
                                "requests": {
                                  "cpu": "500m",
                                  "memory": "500M"
                                }
                              }
                            ],
                            "security_context": [],
                            "startup_probe": [],
                            "stdin": false,
                            "stdin_once": false,
                            "termination_message_path": "/dev/termination-log",
                            "termination_message_policy": "File",
                            "tty": false,
                            "volume_mount": [
                              {
                                "mount_path": "/var/lib/grafana",
                                "mount_propagation": "None",
                                "name": "grafana-volume",
                                "read_only": false,
                                "sub_path": ""
                              },
                              {
                                "mount_path": "/etc/grafana/provisioning/datasources",
                                "mount_propagation": "None",
                                "name": "grafana-datasources",
                                "read_only": false,
                                "sub_path": ""
                              }
                            ],
                            "working_dir": ""
                          }
                        ],
                        "dns_config": [],
                        "dns_policy": "ClusterFirst",
                        "enable_service_links": true,
                        "host_aliases": [],
                        "host_ipc": false,
                        "host_network": false,
                        "host_pid": false,
                        "hostname": "",
                        "image_pull_secrets": [],
                        "init_container": [],
                        "node_name": "",
                        "node_selector": {},
                        "priority_class_name": "",
                        "readiness_gate": [],
                        "restart_policy": "Always",
                        "runtime_class_name": "",
                        "scheduler_name": "default-scheduler",
                        "security_context": [
                          {
                            "fs_group": "2000",
                            "fs_group_change_policy": "",
                            "run_as_group": "",
                            "run_as_non_root": false,
                            "run_as_user": "",
                            "se_linux_options": [],
                            "seccomp_profile": [],
                            "supplemental_groups": [],
                            "sysctl": []
                          }
                        ],
                        "service_account_name": "",
                        "share_process_namespace": false,
                        "subdomain": "",
                        "termination_grace_period_seconds": 30,
                        "toleration": [],
                        "topology_spread_constraint": [],
                        "volume": [
                          {
                            "aws_elastic_block_store": [],
                            "azure_disk": [],
                            "azure_file": [],
                            "ceph_fs": [],
                            "cinder": [],
                            "config_map": [],
                            "csi": [],
                            "downward_api": [],
                            "empty_dir": [],
                            "fc": [],
                            "flex_volume": [],
                            "flocker": [],
                            "gce_persistent_disk": [],
                            "git_repo": [],
                            "glusterfs": [],
                            "host_path": [],
                            "iscsi": [],
                            "local": [],
                            "name": "grafana-volume",
                            "nfs": [],
                            "persistent_volume_claim": [
                              {
                                "claim_name": "pvc-grafana",
                                "read_only": false
                              }
                            ],
                            "photon_persistent_disk": [],
                            "projected": [],
                            "quobyte": [],
                            "rbd": [],
                            "secret": [],
                            "vsphere_volume": []
                          },
                          {
                            "aws_elastic_block_store": [],
                            "azure_disk": [],
                            "azure_file": [],
                            "ceph_fs": [],
                            "cinder": [],
                            "config_map": [
                              {
                                "default_mode": "0644",
                                "items": [],
                                "name": "grafana-datasources",
                                "optional": false
                              }
                            ],
                            "csi": [],
                            "downward_api": [],
                            "empty_dir": [],
                            "fc": [],
                            "flex_volume": [],
                            "flocker": [],
                            "gce_persistent_disk": [],
                            "git_repo": [],
                            "glusterfs": [],
                            "host_path": [],
                            "iscsi": [],
                            "local": [],
                            "name": "grafana-datasources",
                            "nfs": [],
                            "persistent_volume_claim": [],
                            "photon_persistent_disk": [],
                            "projected": [],
                            "quobyte": [],
                            "rbd": [],
                            "secret": [],
                            "vsphere_volume": []
                          }
                        ]
                      }
                    ]
                  }
                ]
              }
            ],
            "timeouts": null,
            "wait_for_rollout": true
          },
          "sensitive_attributes": [],
          "private": "eyJlMmJmYjczMC1lY2FhLTExZTYtOGY4OC0zNDM2M2JjN2M0YzAiOnsiY3JlYXRlIjo2MDAwMDAwMDAwMDAsImRlbGV0ZSI6NjAwMDAwMDAwMDAwLCJ1cGRhdGUiOjYwMDAwMDAwMDAwMH0sInNjaGVtYV92ZXJzaW9uIjoiMSJ9"
        }
      ]
    },
    {
      "mode": "managed",
      "type": "kubernetes_deployment",
      "name": "kube_state_metrics",
      "provider": "provider[\"registry.terraform.io/hashicorp/kubernetes\"]",
      "instances": [
        {
          "index_key": 0,
          "schema_version": 1,
          "attributes": {
            "id": "kube-system/kube-state-metrics",
            "metadata": [
              {
                "annotations": {},
                "generate_name": "",
                "generation": 1,
                "labels": {
                  "app.kubernetes.io/component": "exporter",
                  "app.kubernetes.io/name": "kube-state-metrics",
                  "app.kubernetes.io/version": "2.3.0"
                },
                "name": "kube-state-metrics",
                "namespace": "kube-system",
                "resource_version": "6835052",
                "uid": "5f319321-9113-43db-b550-6e3b16abf821"
              }
            ],
            "spec": [
              {
                "min_ready_seconds": 0,
                "paused": false,
                "progress_deadline_seconds": 600,
                "replicas": "1",
                "revision_history_limit": 10,
                "selector": [
                  {
                    "match_expressions": [],
                    "match_labels": {
                      "app.kubernetes.io/name": "kube-state-metrics"
                    }
                  }
                ],
                "strategy": [
                  {
                    "rolling_update": [
                      {
                        "max_surge": "25%",
                        "max_unavailable": "25%"
                      }
                    ],
                    "type": "RollingUpdate"
                  }
                ],
                "template": [
                  {
                    "metadata": [
                      {
                        "annotations": {},
                        "generate_name": "",
                        "generation": 0,
                        "labels": {
                          "app.kubernetes.io/component": "exporter",
                          "app.kubernetes.io/name": "kube-state-metrics",
                          "app.kubernetes.io/version": "2.3.0"
                        },
                        "name": "",
                        "namespace": "",
                        "resource_version": "",
                        "uid": ""
                      }
                    ],
                    "spec": [
                      {
                        "active_deadline_seconds": 0,
                        "affinity": [],
                        "automount_service_account_token": true,
                        "container": [
                          {
                            "args": [],
                            "command": [],
                            "env": [],
                            "env_from": [],
                            "image": "k8s.gcr.io/kube-state-metrics/kube-state-metrics:v2.3.0",
                            "image_pull_policy": "IfNotPresent",
                            "lifecycle": [],
                            "liveness_probe": [
                              {
                                "exec": [],
                                "failure_threshold": 3,
                                "grpc": [],
                                "http_get": [
                                  {
                                    "host": "",
                                    "http_header": [],
                                    "path": "/healthz",
                                    "port": "8080",
                                    "scheme": "HTTP"
                                  }
                                ],
                                "initial_delay_seconds": 5,
                                "period_seconds": 10,
                                "success_threshold": 1,
                                "tcp_socket": [],
                                "timeout_seconds": 5
                              }
                            ],
                            "name": "kube-state-metrics",
                            "port": [
                              {
                                "container_port": 8080,
                                "host_ip": "",
                                "host_port": 0,
                                "name": "http-metrics",
                                "protocol": "TCP"
                              },
                              {
                                "container_port": 8081,
                                "host_ip": "",
                                "host_port": 0,
                                "name": "telemetry",
                                "protocol": "TCP"
                              }
                            ],
                            "readiness_probe": [
                              {
                                "exec": [],
                                "failure_threshold": 3,
                                "grpc": [],
                                "http_get": [
                                  {
                                    "host": "",
                                    "http_header": [],
                                    "path": "/",
                                    "port": "8081",
                                    "scheme": "HTTP"
                                  }
                                ],
                                "initial_delay_seconds": 5,
                                "period_seconds": 10,
                                "success_threshold": 1,
                                "tcp_socket": [],
                                "timeout_seconds": 5
                              }
                            ],
                            "resources": [
                              {
                                "limits": {
                                  "cpu": "1",
                                  "memory": "1Gi"
                                },
                                "requests": {
                                  "cpu": "500m",
                                  "memory": "500M"
                                }
                              }
                            ],
                            "security_context": [
                              {
                                "allow_privilege_escalation": true,
                                "capabilities": [],
                                "privileged": false,
                                "read_only_root_filesystem": true,
                                "run_as_group": "",
                                "run_as_non_root": false,
                                "run_as_user": "65534",
                                "se_linux_options": [],
                                "seccomp_profile": []
                              }
                            ],
                            "startup_probe": [],
                            "stdin": false,
                            "stdin_once": false,
                            "termination_message_path": "/dev/termination-log",
                            "termination_message_policy": "File",
                            "tty": false,
                            "volume_mount": [],
                            "working_dir": ""
                          }
                        ],
                        "dns_config": [],
                        "dns_policy": "ClusterFirst",
                        "enable_service_links": true,
                        "host_aliases": [],
                        "host_ipc": false,
                        "host_network": false,
                        "host_pid": false,
                        "hostname": "",
                        "image_pull_secrets": [],
                        "init_container": [],
                        "node_name": "",
                        "node_selector": {
                          "kubernetes.io/os": "linux"
                        },
                        "priority_class_name": "",
                        "readiness_gate": [],
                        "restart_policy": "Always",
                        "runtime_class_name": "",
                        "scheduler_name": "default-scheduler",
                        "security_context": [],
                        "service_account_name": "kube-state-metrics",
                        "share_process_namespace": false,
                        "subdomain": "",
                        "termination_grace_period_seconds": 30,
                        "toleration": [],
                        "topology_spread_constraint": [],
                        "volume": []
                      }
                    ]
                  }
                ]
              }
            ],
            "timeouts": null,
            "wait_for_rollout": true
          },
          "sensitive_attributes": [],
          "private": "eyJlMmJmYjczMC1lY2FhLTExZTYtOGY4OC0zNDM2M2JjN2M0YzAiOnsiY3JlYXRlIjo2MDAwMDAwMDAwMDAsImRlbGV0ZSI6NjAwMDAwMDAwMDAwLCJ1cGRhdGUiOjYwMDAwMDAwMDAwMH0sInNjaGVtYV92ZXJzaW9uIjoiMSJ9"
        }
      ]
    },
    {
      "mode": "managed",
      "type": "kubernetes_deployment",
      "name": "mysql_dev_exporter",
      "provider": "provider[\"registry.terraform.io/hashicorp/kubernetes\"]",
      "instances": [
        {
          "schema_version": 1,
          "attributes": {
            "id": "monitoring/mysql-dev-exporter",
            "metadata": [
              {
                "annotations": {},
                "generate_name": "",
                "generation": 1,
                "labels": {},
                "name": "mysql-dev-exporter",
                "namespace": "monitoring",
                "resource_version": "6832452",
                "uid": "1beccd79-aa9f-4632-b293-f52b9dca3d7b"
              }
            ],
            "spec": [
              {
                "min_ready_seconds": 0,
                "paused": false,
                "progress_deadline_seconds": 600,
                "replicas": "1",
                "revision_history_limit": 10,
                "selector": [
                  {
                    "match_expressions": [],
                    "match_labels": {
                      "app": "mysqldevexporter"
                    }
                  }
                ],
                "strategy": [
                  {
                    "rolling_update": [
                      {
                        "max_surge": "25%",
                        "max_unavailable": "25%"
                      }
                    ],
                    "type": "RollingUpdate"
                  }
                ],
                "template": [
                  {
                    "metadata": [
                      {
                        "annotations": {},
                        "generate_name": "",
                        "generation": 0,
                        "labels": {
                          "app": "mysqldevexporter"
                        },
                        "name": "",
                        "namespace": "",
                        "resource_version": "",
                        "uid": ""
                      }
                    ],
                    "spec": [
                      {
                        "active_deadline_seconds": 0,
                        "affinity": [],
                        "automount_service_account_token": true,
                        "container": [
                          {
                            "args": [],
                            "command": [],
                            "env": [
                              {
                                "name": "DATA_SOURCE_NAME",
                                "value": "selex:yq99NPGuUSbHP5bQc7xtdfnvB3qt7WY2@(34.101.221.224:3306)/",
                                "value_from": []
                              }
                            ],
                            "env_from": [],
                            "image": "prom/mysqld-exporter:v0.14.0",
                            "image_pull_policy": "IfNotPresent",
                            "lifecycle": [],
                            "liveness_probe": [],
                            "name": "mysql-dev-exporter",
                            "port": [
                              {
                                "container_port": 9104,
                                "host_ip": "",
                                "host_port": 0,
                                "name": "",
                                "protocol": "TCP"
                              }
                            ],
                            "readiness_probe": [],
                            "resources": [
                              {
                                "limits": {
                                  "cpu": "250m",
                                  "memory": "180Mi"
                                },
                                "requests": {
                                  "cpu": "102m",
                                  "memory": "180Mi"
                                }
                              }
                            ],
                            "security_context": [],
                            "startup_probe": [],
                            "stdin": false,
                            "stdin_once": false,
                            "termination_message_path": "/dev/termination-log",
                            "termination_message_policy": "File",
                            "tty": false,
                            "volume_mount": [],
                            "working_dir": ""
                          }
                        ],
                        "dns_config": [],
                        "dns_policy": "ClusterFirst",
                        "enable_service_links": true,
                        "host_aliases": [],
                        "host_ipc": false,
                        "host_network": false,
                        "host_pid": false,
                        "hostname": "",
                        "image_pull_secrets": [],
                        "init_container": [],
                        "node_name": "",
                        "node_selector": {},
                        "priority_class_name": "",
                        "readiness_gate": [],
                        "restart_policy": "Always",
                        "runtime_class_name": "",
                        "scheduler_name": "default-scheduler",
                        "security_context": [],
                        "service_account_name": "",
                        "share_process_namespace": false,
                        "subdomain": "",
                        "termination_grace_period_seconds": 30,
                        "toleration": [],
                        "topology_spread_constraint": [],
                        "volume": []
                      }
                    ]
                  }
                ]
              }
            ],
            "timeouts": null,
            "wait_for_rollout": true
          },
          "sensitive_attributes": [],
          "private": "eyJlMmJmYjczMC1lY2FhLTExZTYtOGY4OC0zNDM2M2JjN2M0YzAiOnsiY3JlYXRlIjo2MDAwMDAwMDAwMDAsImRlbGV0ZSI6NjAwMDAwMDAwMDAwLCJ1cGRhdGUiOjYwMDAwMDAwMDAwMH0sInNjaGVtYV92ZXJzaW9uIjoiMSJ9"
        }
      ]
    },
    {
      "mode": "managed",
      "type": "kubernetes_deployment",
      "name": "prometheus_deployment",
      "provider": "provider[\"registry.terraform.io/hashicorp/kubernetes\"]",
      "instances": [
        {
          "schema_version": 1,
          "attributes": {
            "id": "monitoring/prometheus-deployment",
            "metadata": [
              {
                "annotations": {},
                "generate_name": "",
                "generation": 3,
                "labels": {
                  "app": "prometheus-server"
                },
                "name": "prometheus-deployment",
                "namespace": "monitoring",
                "resource_version": "13023438",
                "uid": "649ef7f7-a153-4abd-837b-3c3f18da8b70"
              }
            ],
            "spec": [
              {
                "min_ready_seconds": 0,
                "paused": false,
                "progress_deadline_seconds": 600,
                "replicas": "1",
                "revision_history_limit": 10,
                "selector": [
                  {
                    "match_expressions": [],
                    "match_labels": {
                      "app": "prometheus-server"
                    }
                  }
                ],
                "strategy": [
                  {
                    "rolling_update": [
                      {
                        "max_surge": "25%",
                        "max_unavailable": "25%"
                      }
                    ],
                    "type": "RollingUpdate"
                  }
                ],
                "template": [
                  {
                    "metadata": [
                      {
                        "annotations": {},
                        "generate_name": "",
                        "generation": 0,
                        "labels": {
                          "app": "prometheus-server"
                        },
                        "name": "",
                        "namespace": "",
                        "resource_version": "",
                        "uid": ""
                      }
                    ],
                    "spec": [
                      {
                        "active_deadline_seconds": 0,
                        "affinity": [],
                        "automount_service_account_token": true,
                        "container": [
                          {
                            "args": [
                              "--storage.tsdb.retention.time=12h",
                              "--config.file=/etc/prometheus/prometheus.yml",
                              "--storage.tsdb.path=/prometheus/"
                            ],
                            "command": [],
                            "env": [],
                            "env_from": [],
                            "image": "prom/prometheus",
                            "image_pull_policy": "Always",
                            "lifecycle": [],
                            "liveness_probe": [],
                            "name": "prometheus",
                            "port": [
                              {
                                "container_port": 9090,
                                "host_ip": "",
                                "host_port": 0,
                                "name": "",
                                "protocol": "TCP"
                              }
                            ],
                            "readiness_probe": [],
                            "resources": [
                              {
                                "limits": {
                                  "cpu": "1",
                                  "memory": "1Gi"
                                },
                                "requests": {
                                  "cpu": "500m",
                                  "memory": "500M"
                                }
                              }
                            ],
                            "security_context": [],
                            "startup_probe": [],
                            "stdin": false,
                            "stdin_once": false,
                            "termination_message_path": "/dev/termination-log",
                            "termination_message_policy": "File",
                            "tty": false,
                            "volume_mount": [
                              {
                                "mount_path": "/etc/prometheus/",
                                "mount_propagation": "None",
                                "name": "prometheus-config-volume",
                                "read_only": false,
                                "sub_path": ""
                              },
                              {
                                "mount_path": "/prometheus/",
                                "mount_propagation": "None",
                                "name": "prometheus-storage-volume",
                                "read_only": false,
                                "sub_path": ""
                              }
                            ],
                            "working_dir": ""
                          }
                        ],
                        "dns_config": [],
                        "dns_policy": "ClusterFirst",
                        "enable_service_links": true,
                        "host_aliases": [],
                        "host_ipc": false,
                        "host_network": false,
                        "host_pid": false,
                        "hostname": "",
                        "image_pull_secrets": [],
                        "init_container": [],
                        "node_name": "",
                        "node_selector": {},
                        "priority_class_name": "",
                        "readiness_gate": [],
                        "restart_policy": "Always",
                        "runtime_class_name": "",
                        "scheduler_name": "default-scheduler",
                        "security_context": [
                          {
                            "fs_group": "2000",
                            "fs_group_change_policy": "",
                            "run_as_group": "",
                            "run_as_non_root": false,
                            "run_as_user": "",
                            "se_linux_options": [],
                            "seccomp_profile": [],
                            "supplemental_groups": [],
                            "sysctl": []
                          }
                        ],
                        "service_account_name": "",
                        "share_process_namespace": false,
                        "subdomain": "",
                        "termination_grace_period_seconds": 30,
                        "toleration": [],
                        "topology_spread_constraint": [],
                        "volume": [
                          {
                            "aws_elastic_block_store": [],
                            "azure_disk": [],
                            "azure_file": [],
                            "ceph_fs": [],
                            "cinder": [],
                            "config_map": [
                              {
                                "default_mode": "0644",
                                "items": [],
                                "name": "prometheus-server-conf",
                                "optional": false
                              }
                            ],
                            "csi": [],
                            "downward_api": [],
                            "empty_dir": [],
                            "fc": [],
                            "flex_volume": [],
                            "flocker": [],
                            "gce_persistent_disk": [],
                            "git_repo": [],
                            "glusterfs": [],
                            "host_path": [],
                            "iscsi": [],
                            "local": [],
                            "name": "prometheus-config-volume",
                            "nfs": [],
                            "persistent_volume_claim": [],
                            "photon_persistent_disk": [],
                            "projected": [],
                            "quobyte": [],
                            "rbd": [],
                            "secret": [],
                            "vsphere_volume": []
                          },
                          {
                            "aws_elastic_block_store": [],
                            "azure_disk": [],
                            "azure_file": [],
                            "ceph_fs": [],
                            "cinder": [],
                            "config_map": [],
                            "csi": [],
                            "downward_api": [],
                            "empty_dir": [],
                            "fc": [],
                            "flex_volume": [],
                            "flocker": [],
                            "gce_persistent_disk": [],
                            "git_repo": [],
                            "glusterfs": [],
                            "host_path": [],
                            "iscsi": [],
                            "local": [],
                            "name": "prometheus-storage-volume",
                            "nfs": [],
                            "persistent_volume_claim": [
                              {
                                "claim_name": "pvc-prometheus",
                                "read_only": false
                              }
                            ],
                            "photon_persistent_disk": [],
                            "projected": [],
                            "quobyte": [],
                            "rbd": [],
                            "secret": [],
                            "vsphere_volume": []
                          }
                        ]
                      }
                    ]
                  }
                ]
              }
            ],
            "timeouts": null,
            "wait_for_rollout": true
          },
          "sensitive_attributes": [],
          "private": "eyJlMmJmYjczMC1lY2FhLTExZTYtOGY4OC0zNDM2M2JjN2M0YzAiOnsiY3JlYXRlIjo2MDAwMDAwMDAwMDAsImRlbGV0ZSI6NjAwMDAwMDAwMDAwLCJ1cGRhdGUiOjYwMDAwMDAwMDAwMH0sInNjaGVtYV92ZXJzaW9uIjoiMSJ9"
        }
      ]
    },
    {
      "mode": "managed",
      "type": "kubernetes_namespace",
      "name": "iot",
      "provider": "provider[\"registry.terraform.io/hashicorp/kubernetes\"]",
      "instances": [
        {
          "index_key": 0,
          "schema_version": 0,
          "attributes": {
            "id": "iot",
            "metadata": [
              {
                "annotations": {},
                "generate_name": "",
                "generation": 0,
                "labels": {},
                "name": "iot",
                "resource_version": "86716",
                "uid": "2479261d-ad26-4b72-abdd-6ca44503031f"
              }
            ],
            "timeouts": null
          },
          "sensitive_attributes": [],
          "private": "eyJlMmJmYjczMC1lY2FhLTExZTYtOGY4OC0zNDM2M2JjN2M0YzAiOnsiZGVsZXRlIjozMDAwMDAwMDAwMDB9fQ=="
        }
      ]
    },
    {
      "mode": "managed",
      "type": "kubernetes_namespace",
      "name": "monitoring",
      "provider": "provider[\"registry.terraform.io/hashicorp/kubernetes\"]",
      "instances": [
        {
          "index_key": 0,
          "schema_version": 0,
          "attributes": {
            "id": "monitoring",
            "metadata": [
              {
                "annotations": {},
                "generate_name": "",
                "generation": 0,
                "labels": {},
                "name": "monitoring",
                "resource_version": "41479",
                "uid": "1af6270d-efa7-4d36-b5d8-a3f10c7e2ab3"
              }
            ],
            "timeouts": null
          },
          "sensitive_attributes": [],
          "private": "eyJlMmJmYjczMC1lY2FhLTExZTYtOGY4OC0zNDM2M2JjN2M0YzAiOnsiZGVsZXRlIjozMDAwMDAwMDAwMDB9fQ=="
        }
      ]
    },
    {
      "mode": "managed",
      "type": "kubernetes_persistent_volume_claim",
      "name": "pvc_grafana",
      "provider": "provider[\"registry.terraform.io/hashicorp/kubernetes\"]",
      "instances": [
        {
          "schema_version": 0,
          "attributes": {
            "id": "monitoring/pvc-grafana",
            "metadata": [
              {
                "annotations": {},
                "generate_name": "",
                "generation": 0,
                "labels": {},
                "name": "pvc-grafana",
                "namespace": "monitoring",
                "resource_version": "11912916",
                "uid": "59452a88-ac5f-4b47-97f3-25c3770f37c3"
              }
            ],
            "spec": [
              {
                "access_modes": [
                  "ReadWriteOnce"
                ],
                "resources": [
                  {
                    "limits": {},
                    "requests": {
                      "storage": "30Gi"
                    }
                  }
                ],
                "selector": [],
                "storage_class_name": "standard-rwo",
                "volume_name": "pvc-59452a88-ac5f-4b47-97f3-25c3770f37c3"
              }
            ],
            "timeouts": null,
            "wait_until_bound": true
          },
          "sensitive_attributes": [],
          "private": "eyJlMmJmYjczMC1lY2FhLTExZTYtOGY4OC0zNDM2M2JjN2M0YzAiOnsiY3JlYXRlIjozMDAwMDAwMDAwMDB9fQ=="
        }
      ]
    },
    {
      "mode": "managed",
      "type": "kubernetes_persistent_volume_claim",
      "name": "pvc_prometheus",
      "provider": "provider[\"registry.terraform.io/hashicorp/kubernetes\"]",
      "instances": [
        {
          "schema_version": 0,
          "attributes": {
            "id": "monitoring/pvc-prometheus",
            "metadata": [
              {
                "annotations": null,
                "generate_name": "",
                "generation": 0,
                "labels": null,
                "name": "pvc-prometheus",
                "namespace": "monitoring",
                "resource_version": "13023335",
                "uid": "7c578e42-0e56-436a-a1f6-43d488eb5d5f"
              }
            ],
            "spec": [
              {
                "access_modes": [
                  "ReadWriteOnce"
                ],
                "resources": [
                  {
                    "limits": null,
                    "requests": {
                      "storage": "30Gi"
                    }
                  }
                ],
                "selector": [],
                "storage_class_name": "standard-rwo",
                "volume_name": "pvc-7c578e42-0e56-436a-a1f6-43d488eb5d5f"
              }
            ],
            "timeouts": null,
            "wait_until_bound": true
          },
          "sensitive_attributes": [],
          "private": "eyJlMmJmYjczMC1lY2FhLTExZTYtOGY4OC0zNDM2M2JjN2M0YzAiOnsiY3JlYXRlIjozMDAwMDAwMDAwMDB9fQ=="
        }
      ]
    },
    {
      "mode": "managed",
      "type": "kubernetes_secret",
      "name": "registry_secret",
      "provider": "provider[\"registry.terraform.io/hashicorp/kubernetes\"]",
      "instances": [
        {
          "schema_version": 0,
          "attributes": {
            "binary_data": null,
            "data": {
              "registry-admin-password": "admin"
            },
            "id": "iot/registry-secret",
            "immutable": false,
            "metadata": [
              {
                "annotations": {},
                "generate_name": "",
                "generation": 0,
                "labels": {},
                "name": "registry-secret",
                "namespace": "iot",
                "resource_version": "86719",
                "uid": "04c5cc88-399a-4ec3-8a54-eaeca0b91d17"
              }
            ],
            "timeouts": null,
            "type": "Opaque",
            "wait_for_service_account_token": true
          },
          "sensitive_attributes": [],
          "private": "eyJlMmJmYjczMC1lY2FhLTExZTYtOGY4OC0zNDM2M2JjN2M0YzAiOnsiY3JlYXRlIjo2MDAwMDAwMDAwMH19",
          "dependencies": [
            "kubernetes_namespace.iot"
          ]
        }
      ]
    },
    {
      "mode": "managed",
      "type": "kubernetes_service",
      "name": "alertmanager",
      "provider": "provider[\"registry.terraform.io/hashicorp/kubernetes\"]",
      "instances": [
        {
          "index_key": 0,
          "schema_version": 1,
          "attributes": {
            "id": "monitoring/alertmanager",
            "metadata": [
              {
                "annotations": {
                  "prometheus.io/port": "9093",
                  "prometheus.io/scrape": "true"
                },
                "generate_name": "",
                "generation": 0,
                "labels": {},
                "name": "alertmanager",
                "namespace": "monitoring",
                "resource_version": "11451735",
                "uid": "a8ab66a2-c685-4f4c-808b-64312e0e049f"
              }
            ],
            "spec": [
              {
                "allocate_load_balancer_node_ports": true,
                "cluster_ip": "10.52.0.110",
                "cluster_ips": [
                  "10.52.0.110"
                ],
                "external_ips": [],
                "external_name": "",
                "external_traffic_policy": "",
                "health_check_node_port": 0,
                "internal_traffic_policy": "Cluster",
                "ip_families": [
                  "IPv4"
                ],
                "ip_family_policy": "SingleStack",
                "load_balancer_class": "",
                "load_balancer_ip": "",
                "load_balancer_source_ranges": [],
                "port": [
                  {
                    "app_protocol": "",
                    "name": "",
                    "node_port": 0,
                    "port": 9093,
                    "protocol": "TCP",
                    "target_port": "9093"
                  }
                ],
                "publish_not_ready_addresses": false,
                "selector": {
                  "app": "alertmanager"
                },
                "session_affinity": "None",
                "session_affinity_config": [],
                "type": "ClusterIP"
              }
            ],
            "status": [
              {
                "load_balancer": [
                  {
                    "ingress": []
                  }
                ]
              }
            ],
            "timeouts": null,
            "wait_for_load_balancer": true
          },
          "sensitive_attributes": [],
          "private": "eyJlMmJmYjczMC1lY2FhLTExZTYtOGY4OC0zNDM2M2JjN2M0YzAiOnsiY3JlYXRlIjo2MDAwMDAwMDAwMDB9LCJzY2hlbWFfdmVyc2lvbiI6IjEifQ==",
          "dependencies": [
            "kubernetes_namespace.monitoring"
          ]
        }
      ]
    },
    {
      "mode": "managed",
      "type": "kubernetes_service",
      "name": "gateway",
      "provider": "provider[\"registry.terraform.io/hashicorp/kubernetes\"]",
      "instances": [
        {
          "schema_version": 1,
          "attributes": {
            "id": "iot/gateway",
            "metadata": [
              {
                "annotations": {},
                "generate_name": "",
                "generation": 0,
                "labels": {},
                "name": "gateway",
                "namespace": "iot",
                "resource_version": "105416",
                "uid": "a3dcd167-c4b0-4627-bab9-56cd6cc1d89b"
              }
            ],
            "spec": [
              {
                "allocate_load_balancer_node_ports": true,
                "cluster_ip": "10.52.0.185",
                "cluster_ips": [
                  "10.52.0.185"
                ],
                "external_ips": [],
                "external_name": "",
                "external_traffic_policy": "Cluster",
                "health_check_node_port": 0,
                "internal_traffic_policy": "Cluster",
                "ip_families": [
                  "IPv4"
                ],
                "ip_family_policy": "SingleStack",
                "load_balancer_class": "",
                "load_balancer_ip": "",
                "load_balancer_source_ranges": [],
                "port": [
                  {
                    "app_protocol": "",
                    "name": "",
                    "node_port": 31080,
                    "port": 8080,
                    "protocol": "TCP",
                    "target_port": "8080"
                  }
                ],
                "publish_not_ready_addresses": false,
                "selector": {
                  "app": "gateway"
                },
                "session_affinity": "None",
                "session_affinity_config": [],
                "type": "NodePort"
              }
            ],
            "status": [
              {
                "load_balancer": [
                  {
                    "ingress": []
                  }
                ]
              }
            ],
            "timeouts": null,
            "wait_for_load_balancer": true
          },
          "sensitive_attributes": [],
          "private": "eyJlMmJmYjczMC1lY2FhLTExZTYtOGY4OC0zNDM2M2JjN2M0YzAiOnsiY3JlYXRlIjo2MDAwMDAwMDAwMDB9LCJzY2hlbWFfdmVyc2lvbiI6IjEifQ=="
        }
      ]
    },
    {
      "mode": "managed",
      "type": "kubernetes_service",
      "name": "grafana",
      "provider": "provider[\"registry.terraform.io/hashicorp/kubernetes\"]",
      "instances": [
        {
          "schema_version": 1,
          "attributes": {
            "id": "monitoring/grafana",
            "metadata": [
              {
                "annotations": {
                  "prometheus.io/port": "3000",
                  "prometheus.io/scrape": "true"
                },
                "generate_name": "",
                "generation": 0,
                "labels": {},
                "name": "grafana",
                "namespace": "monitoring",
                "resource_version": "11452096",
                "uid": "22f91b9a-44c6-4cb3-90c4-b168a31c9482"
              }
            ],
            "spec": [
              {
                "allocate_load_balancer_node_ports": true,
                "cluster_ip": "10.52.0.50",
                "cluster_ips": [
                  "10.52.0.50"
                ],
                "external_ips": [],
                "external_name": "",
                "external_traffic_policy": "Cluster",
                "health_check_node_port": 0,
                "internal_traffic_policy": "Cluster",
                "ip_families": [
                  "IPv4"
                ],
                "ip_family_policy": "SingleStack",
                "load_balancer_class": "",
                "load_balancer_ip": "",
                "load_balancer_source_ranges": [],
                "port": [
                  {
                    "app_protocol": "",
                    "name": "",
                    "node_port": 32000,
                    "port": 3000,
                    "protocol": "TCP",
                    "target_port": "3000"
                  }
                ],
                "publish_not_ready_addresses": false,
                "selector": {
                  "app": "grafana"
                },
                "session_affinity": "None",
                "session_affinity_config": [],
                "type": "LoadBalancer"
              }
            ],
            "status": [
              {
                "load_balancer": [
                  {
                    "ingress": [
                      {
                        "hostname": "",
                        "ip": "35.186.146.147"
                      }
                    ]
                  }
                ]
              }
            ],
            "timeouts": null,
            "wait_for_load_balancer": true
          },
          "sensitive_attributes": [],
          "private": "eyJlMmJmYjczMC1lY2FhLTExZTYtOGY4OC0zNDM2M2JjN2M0YzAiOnsiY3JlYXRlIjo2MDAwMDAwMDAwMDB9LCJzY2hlbWFfdmVyc2lvbiI6IjEifQ=="
        }
      ]
    },
    {
      "mode": "managed",
      "type": "kubernetes_service",
      "name": "jhipster_registry",
      "provider": "provider[\"registry.terraform.io/hashicorp/kubernetes\"]",
      "instances": [
        {
          "schema_version": 1,
          "attributes": {
            "id": "iot/jhipster-registry",
            "metadata": [
              {
                "annotations": {},
                "generate_name": "",
                "generation": 0,
                "labels": {
                  "app": "jhipster-registry"
                },
                "name": "jhipster-registry",
                "namespace": "iot",
                "resource_version": "97448",
                "uid": "051dcf8a-01bb-49a2-88d9-11452d54827e"
              }
            ],
            "spec": [
              {
                "allocate_load_balancer_node_ports": true,
                "cluster_ip": "None",
                "cluster_ips": [
                  "None"
                ],
                "external_ips": [],
                "external_name": "",
                "external_traffic_policy": "",
                "health_check_node_port": 0,
                "internal_traffic_policy": "Cluster",
                "ip_families": [
                  "IPv4"
                ],
                "ip_family_policy": "SingleStack",
                "load_balancer_class": "",
                "load_balancer_ip": "",
                "load_balancer_source_ranges": [],
                "port": [
                  {
                    "app_protocol": "",
                    "name": "http",
                    "node_port": 0,
                    "port": 8761,
                    "protocol": "TCP",
                    "target_port": "8761"
                  }
                ],
                "publish_not_ready_addresses": true,
                "selector": {
                  "app": "jhipster-registry"
                },
                "session_affinity": "None",
                "session_affinity_config": [],
                "type": "ClusterIP"
              }
            ],
            "status": [
              {
                "load_balancer": [
                  {
                    "ingress": []
                  }
                ]
              }
            ],
            "timeouts": null,
            "wait_for_load_balancer": true
          },
          "sensitive_attributes": [],
          "private": "eyJlMmJmYjczMC1lY2FhLTExZTYtOGY4OC0zNDM2M2JjN2M0YzAiOnsiY3JlYXRlIjo2MDAwMDAwMDAwMDB9LCJzY2hlbWFfdmVyc2lvbiI6IjEifQ==",
          "dependencies": [
            "kubernetes_namespace.iot"
          ]
        }
      ]
    },
    {
      "mode": "managed",
      "type": "kubernetes_service",
      "name": "kube_state_metrics",
      "provider": "provider[\"registry.terraform.io/hashicorp/kubernetes\"]",
      "instances": [
        {
          "index_key": 0,
          "schema_version": 1,
          "attributes": {
            "id": "kube-system/kube-state-metrics",
            "metadata": [
              {
                "annotations": {},
                "generate_name": "",
                "generation": 0,
                "labels": {
                  "app.kubernetes.io/component": "exporter",
                  "app.kubernetes.io/name": "kube-state-metrics",
                  "app.kubernetes.io/version": "2.3.0"
                },
                "name": "kube-state-metrics",
                "namespace": "kube-system",
                "resource_version": "54438",
                "uid": "062b4408-37ae-4733-ba20-20e75b82d4f9"
              }
            ],
            "spec": [
              {
                "allocate_load_balancer_node_ports": true,
                "cluster_ip": "None",
                "cluster_ips": [
                  "None"
                ],
                "external_ips": [],
                "external_name": "",
                "external_traffic_policy": "",
                "health_check_node_port": 0,
                "internal_traffic_policy": "Cluster",
                "ip_families": [
                  "IPv4"
                ],
                "ip_family_policy": "SingleStack",
                "load_balancer_class": "",
                "load_balancer_ip": "",
                "load_balancer_source_ranges": [],
                "port": [
                  {
                    "app_protocol": "",
                    "name": "http-metrics",
                    "node_port": 0,
                    "port": 8080,
                    "protocol": "TCP",
                    "target_port": "http-metrics"
                  },
                  {
                    "app_protocol": "",
                    "name": "telemetry",
                    "node_port": 0,
                    "port": 8081,
                    "protocol": "TCP",
                    "target_port": "telemetry"
                  }
                ],
                "publish_not_ready_addresses": false,
                "selector": {
                  "app.kubernetes.io/name": "kube-state-metrics"
                },
                "session_affinity": "None",
                "session_affinity_config": [],
                "type": "ClusterIP"
              }
            ],
            "status": [
              {
                "load_balancer": [
                  {
                    "ingress": []
                  }
                ]
              }
            ],
            "timeouts": null,
            "wait_for_load_balancer": true
          },
          "sensitive_attributes": [],
          "private": "eyJlMmJmYjczMC1lY2FhLTExZTYtOGY4OC0zNDM2M2JjN2M0YzAiOnsiY3JlYXRlIjo2MDAwMDAwMDAwMDB9LCJzY2hlbWFfdmVyc2lvbiI6IjEifQ=="
        }
      ]
    },
    {
      "mode": "managed",
      "type": "kubernetes_service",
      "name": "mysql_dev",
      "provider": "provider[\"registry.terraform.io/hashicorp/kubernetes\"]",
      "instances": [
        {
          "schema_version": 1,
          "attributes": {
            "id": "monitoring/mysql-dev",
            "metadata": [
              {
                "annotations": {},
                "generate_name": "",
                "generation": 0,
                "labels": {},
                "name": "mysql-dev",
                "namespace": "monitoring",
                "resource_version": "668535",
                "uid": "2d851821-34a8-493d-b3ab-27b6871227c5"
              }
            ],
            "spec": [
              {
                "allocate_load_balancer_node_ports": true,
                "cluster_ip": "10.52.0.112",
                "cluster_ips": [
                  "10.52.0.112"
                ],
                "external_ips": [],
                "external_name": "",
                "external_traffic_policy": "",
                "health_check_node_port": 0,
                "internal_traffic_policy": "Cluster",
                "ip_families": [
                  "IPv4"
                ],
                "ip_family_policy": "SingleStack",
                "load_balancer_class": "",
                "load_balancer_ip": "",
                "load_balancer_source_ranges": [],
                "port": [
                  {
                    "app_protocol": "",
                    "name": "mysqldevexporter",
                    "node_port": 0,
                    "port": 9104,
                    "protocol": "TCP",
                    "target_port": "9104"
                  }
                ],
                "publish_not_ready_addresses": false,
                "selector": {
                  "app": "mysqldevexporter"
                },
                "session_affinity": "None",
                "session_affinity_config": [],
                "type": "ClusterIP"
              }
            ],
            "status": [
              {
                "load_balancer": [
                  {
                    "ingress": []
                  }
                ]
              }
            ],
            "timeouts": null,
            "wait_for_load_balancer": true
          },
          "sensitive_attributes": [],
          "private": "eyJlMmJmYjczMC1lY2FhLTExZTYtOGY4OC0zNDM2M2JjN2M0YzAiOnsiY3JlYXRlIjo2MDAwMDAwMDAwMDB9LCJzY2hlbWFfdmVyc2lvbiI6IjEifQ=="
        }
      ]
    },
    {
      "mode": "managed",
      "type": "kubernetes_service",
      "name": "node_exporter",
      "provider": "provider[\"registry.terraform.io/hashicorp/kubernetes\"]",
      "instances": [
        {
          "index_key": 0,
          "schema_version": 1,
          "attributes": {
            "id": "monitoring/node-exporter",
            "metadata": [
              {
                "annotations": {
                  "prometheus.io/port": "9100",
                  "prometheus.io/scrape": "true"
                },
                "generate_name": "",
                "generation": 0,
                "labels": {},
                "name": "node-exporter",
                "namespace": "monitoring",
                "resource_version": "54435",
                "uid": "0071f47d-f920-4e7d-bd1f-e6f8a14778db"
              }
            ],
            "spec": [
              {
                "allocate_load_balancer_node_ports": true,
                "cluster_ip": "10.52.0.49",
                "cluster_ips": [
                  "10.52.0.49"
                ],
                "external_ips": [],
                "external_name": "",
                "external_traffic_policy": "",
                "health_check_node_port": 0,
                "internal_traffic_policy": "Cluster",
                "ip_families": [
                  "IPv4"
                ],
                "ip_family_policy": "SingleStack",
                "load_balancer_class": "",
                "load_balancer_ip": "",
                "load_balancer_source_ranges": [],
                "port": [
                  {
                    "app_protocol": "",
                    "name": "node-exporter",
                    "node_port": 0,
                    "port": 9100,
                    "protocol": "TCP",
                    "target_port": "9100"
                  }
                ],
                "publish_not_ready_addresses": false,
                "selector": {
                  "app.kubernetes.io/component": "exporter",
                  "app.kubernetes.io/name": "node-exporter"
                },
                "session_affinity": "None",
                "session_affinity_config": [],
                "type": "ClusterIP"
              }
            ],
            "status": [
              {
                "load_balancer": [
                  {
                    "ingress": []
                  }
                ]
              }
            ],
            "timeouts": null,
            "wait_for_load_balancer": true
          },
          "sensitive_attributes": [],
          "private": "eyJlMmJmYjczMC1lY2FhLTExZTYtOGY4OC0zNDM2M2JjN2M0YzAiOnsiY3JlYXRlIjo2MDAwMDAwMDAwMDB9LCJzY2hlbWFfdmVyc2lvbiI6IjEifQ=="
        }
      ]
    },
    {
      "mode": "managed",
      "type": "kubernetes_service",
      "name": "prometheus_service",
      "provider": "provider[\"registry.terraform.io/hashicorp/kubernetes\"]",
      "instances": [
        {
          "index_key": 0,
          "schema_version": 1,
          "attributes": {
            "id": "monitoring/prometheus-service",
            "metadata": [
              {
                "annotations": {
                  "prometheus.io/port": "9090",
                  "prometheus.io/scrape": "true"
                },
                "generate_name": "",
                "generation": 0,
                "labels": {},
                "name": "prometheus-service",
                "namespace": "monitoring",
                "resource_version": "54433",
                "uid": "2c647a68-5498-4d78-b636-6de7fe609213"
              }
            ],
            "spec": [
              {
                "allocate_load_balancer_node_ports": true,
                "cluster_ip": "10.52.0.65",
                "cluster_ips": [
                  "10.52.0.65"
                ],
                "external_ips": [],
                "external_name": "",
                "external_traffic_policy": "Cluster",
                "health_check_node_port": 0,
                "internal_traffic_policy": "Cluster",
                "ip_families": [
                  "IPv4"
                ],
                "ip_family_policy": "SingleStack",
                "load_balancer_class": "",
                "load_balancer_ip": "",
                "load_balancer_source_ranges": [],
                "port": [
                  {
                    "app_protocol": "",
                    "name": "",
                    "node_port": 30000,
                    "port": 8080,
                    "protocol": "TCP",
                    "target_port": "9090"
                  }
                ],
                "publish_not_ready_addresses": false,
                "selector": {
                  "app": "prometheus-server"
                },
                "session_affinity": "None",
                "session_affinity_config": [],
                "type": "NodePort"
              }
            ],
            "status": [
              {
                "load_balancer": [
                  {
                    "ingress": []
                  }
                ]
              }
            ],
            "timeouts": null,
            "wait_for_load_balancer": true
          },
          "sensitive_attributes": [],
          "private": "eyJlMmJmYjczMC1lY2FhLTExZTYtOGY4OC0zNDM2M2JjN2M0YzAiOnsiY3JlYXRlIjo2MDAwMDAwMDAwMDB9LCJzY2hlbWFfdmVyc2lvbiI6IjEifQ==",
          "dependencies": [
            "kubernetes_namespace.monitoring"
          ]
        }
      ]
    },
    {
      "mode": "managed",
      "type": "kubernetes_service_account",
      "name": "kube_state_metrics",
      "provider": "provider[\"registry.terraform.io/hashicorp/kubernetes\"]",
      "instances": [
        {
          "index_key": 0,
          "schema_version": 0,
          "attributes": {
            "automount_service_account_token": true,
            "default_secret_name": "",
            "id": "kube-system/kube-state-metrics",
            "image_pull_secret": [],
            "metadata": [
              {
                "annotations": {},
                "generate_name": "",
                "generation": 0,
                "labels": {
                  "app.kubernetes.io/component": "exporter",
                  "app.kubernetes.io/name": "kube-state-metrics",
                  "app.kubernetes.io/version": "2.3.0"
                },
                "name": "kube-state-metrics",
                "namespace": "kube-system",
                "resource_version": "41480",
                "uid": "2ba5ed21-e9b5-4774-a68b-3a99aac23d6b"
              }
            ],
            "secret": [],
            "timeouts": null
          },
          "sensitive_attributes": [],
          "private": "eyJlMmJmYjczMC1lY2FhLTExZTYtOGY4OC0zNDM2M2JjN2M0YzAiOnsiY3JlYXRlIjozMDAwMDAwMDAwMH19"
        }
      ]
    },
    {
      "mode": "managed",
      "type": "local_file",
      "name": "kubeconfig",
      "provider": "provider[\"registry.terraform.io/hashicorp/local\"]",
      "instances": [
        {
          "index_key": 0,
          "schema_version": 0,
          "attributes": {
            "content": "\"apiVersion\": \"v1\"\n\"clusters\":\n- \"cluster\":\n    \"certificate-authority-data\": \"LS0tLS1CRUdJTiBDRVJUSUZJQ0FURS0tLS0tCk1JSUVMVENDQXBXZ0F3SUJBZ0lSQUtOS3hPTXdNL0UyQ3JBeTgrZFIrRzR3RFFZSktvWklodmNOQVFFTEJRQXcKTHpFdE1Dc0dBMVVFQXhNa05EZ3hPV05qT0dNdE1tTmhNUzAwTTJVeExXRmhZak10WVROak1qYzRaVEUwT1RNNQpNQ0FYRFRJek1EY3dOVEEwTlRVeE4xb1lEekl3TlRNd05qSTNNRFUxTlRFM1dqQXZNUzB3S3dZRFZRUURFeVEwCk9ERTVZMk00WXkweVkyRXhMVFF6WlRFdFlXRmlNeTFoTTJNeU56aGxNVFE1TXprd2dnR2lNQTBHQ1NxR1NJYjMKRFFFQkFRVUFBNElCandBd2dnR0tBb0lCZ1FDK2RRd2g4bHd6RFg4dTI3bzhlRjFoODl2OWR6Qy9CY0ZnUi9TbApmSnZqaTZmZDVBN2Z5amF0bEtUK0NLYzJrdUJUOGVOcHJqdHdZVk91b3lXQ3J4Q09tZVhFRWxHVUJ4NDFTYXdvClNUeGVadDgzd0pRTkNUQkVWajhMMW45Z1hNYnJSSjBIN011OVFGdmIyVGVOcUlOWWpQRnFIL1FhZlE0MzZmSUcKZkdEWVpUVXhwQzdWalhlV0Evck5XWmkwN3hRZHNpNmVqVHJNdklUWGQrV0FiUyt5Z1orMy9ZZVA2TWltem9OegpNYjdhQUtRM0NrUlRDb25HREsxTG5YTFg1WXdkSVpIVFRPWGVielQ5cFNBbThBMW5WY1dmWURoYjVNYlJ0cm9tCjhBdzRtdys5cVJKMldKUC82NlZEMjFXOUo1Tk0zMzhuMW5KaXAweDlHMG9kK28vdFZuOG5wZVBwTnFQbkZod3QKQmlEK25xOS83SytTZFV0eWVKNHdiOFJJMklYdG1RbHVFWjhJZzlTaDJCaHh3bjMzZFJieUlXd3l3Q1BtLzhucwo1ZEttTkpXVEs5MXh3ZFNySkQwb0lBVzhmRmI4dEt3cVZjZkpPMDExbGZUY2I3TDFYNDhJcnZvZzF3S0hsK0tJClJtU3g3WTF3aTArcW5iUUJuYlJJbjIvTDNrMENBd0VBQWFOQ01FQXdEZ1lEVlIwUEFRSC9CQVFEQWdJRU1BOEcKQTFVZEV3RUIvd1FGTUFNQkFmOHdIUVlEVlIwT0JCWUVGRG43amJWY0dpQmpZajMwVmpSSDVXQVhmSnBqTUEwRwpDU3FHU0liM0RRRUJDd1VBQTRJQmdRQ1FWK3lEMCt3U0hkN0JFbkE4YUMvc1NadEF4NCsrUTVPbUg5QVFtTUFmClVzTHR4ZTNJekZZNEQzL0tMWUJwYklOS0NUQUNkRll4WFBaMXVrZktKTk9meW0wZ3luZ1U0V0F2cHNteCtRdXkKVWorMVJxNC8vZlJRN2lqN1UwVWhKK3lrdEJURzlkbnYveE5KQVdXUHVTRU4vc0ZwT0laS0I2ZHU4YzZzQlJsYwp2N21GQisvS01rY29xSTk3b1dFY2VNYjJ6ODNkcTR6YmRYeDU5T2lKSlV6T2E2dmtoTlFiUGlXWllzUmE5UG4xCkFVcm9Cb1pEbDZwcEc0K3FwRVdmL2pnbmNSS2Z0b1BKbit6VUltdVhxK2JIQk5aTUp5c1ZXMnFmQU9Oc0k3cmcKSnpuUXZtWWlackVkU25lV2NCV0NUcnN5QkxxSHZ6dUZxSURxL2gyNkYwVXozczRjaGdURm1pbHNFNlBvZE1NUApEM2lRSkxNSGJiZGJ6b25aRlhDK3E1ay9uL1JaSHJtcmcxKzh3T0JVSW9aSVB3VkhkT3pPM3QvazUxb3E1ek9xCkpXa3k3NXYva29jUzVQOFdwQnFwRS82ZlZTaUJrMlVpM3RZVjNhcGM5VnduT2xja2doRWg4SVRONDJGbmVtWFoKSC93SDhaM0gvQ0JQY1E2WDNtK0k3bjQ9Ci0tLS0tRU5EIENFUlRJRklDQVRFLS0tLS0K\"\n    \"server\": \"https://34.142.222.119\"\n  \"name\": \"gke-demo-monitoring\"\n\"contexts\":\n- \"context\":\n    \"cluster\": \"gke-demo-monitoring\"\n    \"namespace\": \"default\"\n    \"user\": \"kubernetes-demo@iot-platform-333007.iam.gserviceaccount.com\"\n  \"name\": \"gke-demo-monitoring\"\n\"current-context\": \"gke-demo-monitoring\"\n\"kind\": \"Config\"\n\"preferences\":\n  \"colors\": true\n\"users\":\n- \"name\": \"kubernetes-demo@iot-platform-333007.iam.gserviceaccount.com\"\n  \"user\":\n    \"exec\":\n      \"apiVersion\": \"client.authentication.k8s.io/v1beta1\"\n      \"command\": \"gke-gcloud-auth-plugin\"\n      \"interactiveMode\": \"Never\"\n      \"provideClusterInfo\": true\n",
            "content_base64": null,
            "content_base64sha256": "om0fydMeJPaqginGRIvKnPvmZM/Wmk/DpW8ODMgjgQE=",
            "content_base64sha512": "c1cD5e5TzX+7duIswGoUhm0KXDl6/Sez1ViLZAIbH7SgHSbDTI3vukxeslZt1rPb8deIwcUMZAnq5yd5d++QaQ==",
            "content_md5": "494ae72e2be236398fcdbd1091cf2b0f",
            "content_sha1": "5dcab3807d76de7e10aad7d99ed1f7146a8a4349",
            "content_sha256": "a26d1fc9d31e24f6aa8229c6448bca9cfbe664cfd69a4fc3a56f0e0cc8238101",
            "content_sha512": "735703e5ee53cd7fbb76e22cc06a14866d0a5c397afd27b3d5588b64021b1fb4a01d26c34c8defba4c5eb2566dd6b3dbf1d788c1c50c6409eae7277977ef9069",
            "directory_permission": "0777",
            "file_permission": "0777",
            "filename": "/home/quangbui/workspace/terraform-gke-monitoring/output/kubeconfig",
            "id": "5dcab3807d76de7e10aad7d99ed1f7146a8a4349",
            "sensitive_content": null,
            "source": null
          },
          "sensitive_attributes": [],
          "dependencies": [
            "google_compute_network.vpc_network",
            "google_compute_subnetwork.private",
            "google_container_cluster.gke-demo",
            "google_service_account.kubernetes"
          ]
        }
      ]
    }
  ],
  "check_results": null
}
